
Microsoft Visual Studio Solution File, Format Version 10.00
# Visual C# Express 2008
Project("{FAE04EC0-301F-11D3-BF4B-00C04F79EFBC}") = "vkontakte_gifts_client", "vkontakte_gifts_client\vkontakte_gifts_client.csproj", "{958BB8A9-457E-4CF0-98F7-EAD241196021}"
EndProject
Project("{FAE04EC0-301F-11D3-BF4B-00C04F79EFBC}") = "vkontakte_gifts_server", "vkontakte_gifts_server\vkontakte_gifts_server.csproj", "{5BF4CC34-A682-4EBC-AD90-0C60245AA406}"
EndProject
Global
	GlobalSection(SolutionConfigurationPlatforms) = preSolution
		Debug|Any CPU = Debug|Any CPU
		Release|Any CPU = Release|Any CPU
	EndGlobalSection
	GlobalSection(ProjectConfigurationPlatforms) = postSolution
		{958BB8A9-457E-4CF0-98F7-EAD241196021}.Debug|Any CPU.ActiveCfg = Debug|Any CPU
		{958BB8A9-457E-4CF0-98F7-EAD241196021}.Debug|Any CPU.Build.0 = Debug|Any CPU
		{958BB8A9-457E-4CF0-98F7-EAD241196021}.Release|Any CPU.ActiveCfg = Release|Any CPU
		{958BB8A9-457E-4CF0-98F7-EAD241196021}.Release|Any CPU.Build.0 = Release|Any CPU
		{5BF4CC34-A682-4EBC-AD90-0C60245AA406}.Debug|Any CPU.ActiveCfg = Debug|Any CPU
		{5BF4CC34-A682-4EBC-AD90-0C60245AA406}.Debug|Any CPU.Build.0 = Debug|Any CPU
		{5BF4CC34-A682-4EBC-AD90-0C60245AA406}.Release|Any CPU.ActiveCfg = Release|Any CPU
		{5BF4CC34-A682-4EBC-AD90-0C60245AA406}.Release|Any CPU.Build.0 = Release|Any CPU
	EndGlobalSection
	GlobalSection(SolutionProperties) = preSolution
		HideSolutionNode = FALSE
	EndGlobalSection
EndGlobal
