// !$*UTF8*$!
{
	archiveVersion = 1;
	classes = {
	};
	objectVersion = 45;
	objects = {

/* Begin PBXBuildFile section */
		1D3623260D0F684500981E51 /* MainAppDelegate.mm in Sources */ = {isa = PBXBuildFile; fileRef = 1D3623250D0F684500981E51 /* MainAppDelegate.mm */; };
		1D60589F0D05DD5A006BFB54 /* Foundation.framework in Frameworks */ = {isa = PBXBuildFile; fileRef = 1D30AB110D05D00D00671497 /* Foundation.framework */; };
		1DF5F4E00D08C38300B7A737 /* UIKit.framework in Frameworks */ = {isa = PBXBuildFile; fileRef = 1DF5F4DF0D08C38300B7A737 /* UIKit.framework */; };
		288765FD0DF74451002DB57D /* CoreGraphics.framework in Frameworks */ = {isa = PBXBuildFile; fileRef = 288765FC0DF74451002DB57D /* CoreGraphics.framework */; };
		4D27E4840F9AD71900447247 /* OpenGLES.framework in Frameworks */ = {isa = PBXBuildFile; fileRef = 4D27E4830F9AD71900447247 /* OpenGLES.framework */; };
		4D27E4B50F9AD7D600447247 /* QuartzCore.framework in Frameworks */ = {isa = PBXBuildFile; fileRef = 4D27E4B40F9AD7D600447247 /* QuartzCore.framework */; };
		4D3135ED0F9A6649001FFC34 /* GLView.mm in Sources */ = {isa = PBXBuildFile; fileRef = 4D3135EC0F9A6649001FFC34 /* GLView.mm */; };
		4D77F28F10793BEB002D74C3 /* Default.png in Resources */ = {isa = PBXBuildFile; fileRef = 4D77F28E10793BEB002D74C3 /* Default.png */; };
		4D8FB2C30F9EB4740055EDDB /* Icon.png in Resources */ = {isa = PBXBuildFile; fileRef = 4D8FB2C20F9EB4740055EDDB /* Icon.png */; };
		4D8FB3730F9EC1010055EDDB /* main.m in Sources */ = {isa = PBXBuildFile; fileRef = 4D8FB3720F9EC1010055EDDB /* main.m */; };
		935A809B14570F7C00DE658A /* CBatch.cpp in Sources */ = {isa = PBXBuildFile; fileRef = 935A809A14570F7B00DE658A /* CBatch.cpp */; };
		937367C9144ECE150051ED8D /* CShader.cpp in Sources */ = {isa = PBXBuildFile; fileRef = 937367C8144ECE140051ED8D /* CShader.cpp */; };
		937367CC144EE2B40051ED8D /* CVertexBuffer.cpp in Sources */ = {isa = PBXBuildFile; fileRef = 937367CB144EE2B30051ED8D /* CVertexBuffer.cpp */; };
		937367EC14515F280051ED8D /* CMTV.cpp in Sources */ = {isa = PBXBuildFile; fileRef = 937367EB14515F270051ED8D /* CMTV.cpp */; };
		937367EF145190BB0051ED8D /* INode.cpp in Sources */ = {isa = PBXBuildFile; fileRef = 937367EE145190B90051ED8D /* INode.cpp */; };
		937367FD145587050051ED8D /* CRenderEngine.cpp in Sources */ = {isa = PBXBuildFile; fileRef = 937367FC145587030051ED8D /* CRenderEngine.cpp */; };
		93736800145589AA0051ED8D /* CSceneEngine.cpp in Sources */ = {isa = PBXBuildFile; fileRef = 937367FF145589A60051ED8D /* CSceneEngine.cpp */; };
		9373680314558CD80051ED8D /* CSprite.cpp in Sources */ = {isa = PBXBuildFile; fileRef = 9373680214558CD50051ED8D /* CSprite.cpp */; };
		9373680614559D540051ED8D /* CCamera.cpp in Sources */ = {isa = PBXBuildFile; fileRef = 9373680514559D4F0051ED8D /* CCamera.cpp */; };
		CE8DFA9314587B0C00AE7288 /* CGame.cpp in Sources */ = {isa = PBXBuildFile; fileRef = CE8DFA9214587B0C00AE7288 /* CGame.cpp */; };
		CE914ED41455DA3200AA2000 /* CShaderController.cpp in Sources */ = {isa = PBXBuildFile; fileRef = CE914ED31455DA3200AA2000 /* CShaderController.cpp */; };
		CE914ED71455DA5700AA2000 /* CTextureController.mm in Sources */ = {isa = PBXBuildFile; fileRef = CE914ED61455DA5700AA2000 /* CTextureController.mm */; };
		CE914EDA1455DA7800AA2000 /* CResourceController.cpp in Sources */ = {isa = PBXBuildFile; fileRef = CE914ED91455DA7800AA2000 /* CResourceController.cpp */; };
		CE919218145736FD0021A0DC /* CTexture.cpp in Sources */ = {isa = PBXBuildFile; fileRef = CE919217145736FD0021A0DC /* CTexture.cpp */; };
		CE91921B14573F7F0021A0DC /* Test.pvr in Resources */ = {isa = PBXBuildFile; fileRef = CE91921A14573F7F0021A0DC /* Test.pvr */; };
/* End PBXBuildFile section */

/* Begin PBXFileReference section */
		1D30AB110D05D00D00671497 /* Foundation.framework */ = {isa = PBXFileReference; lastKnownFileType = wrapper.framework; name = Foundation.framework; path = System/Library/Frameworks/Foundation.framework; sourceTree = SDKROOT; };
		1D3623240D0F684500981E51 /* MainAppDelegate.h */ = {isa = PBXFileReference; fileEncoding = 4; lastKnownFileType = sourcecode.c.h; path = MainAppDelegate.h; sourceTree = "<group>"; };
		1D3623250D0F684500981E51 /* MainAppDelegate.mm */ = {isa = PBXFileReference; fileEncoding = 4; lastKnownFileType = sourcecode.cpp.objcpp; path = MainAppDelegate.mm; sourceTree = "<group>"; };
		1D6058910D05DD3D006BFB54 /* gEngine.app */ = {isa = PBXFileReference; explicitFileType = wrapper.application; includeInIndex = 0; path = gEngine.app; sourceTree = BUILT_PRODUCTS_DIR; };
		1DF5F4DF0D08C38300B7A737 /* UIKit.framework */ = {isa = PBXFileReference; lastKnownFileType = wrapper.framework; name = UIKit.framework; path = System/Library/Frameworks/UIKit.framework; sourceTree = SDKROOT; };
		288765FC0DF74451002DB57D /* CoreGraphics.framework */ = {isa = PBXFileReference; lastKnownFileType = wrapper.framework; name = CoreGraphics.framework; path = System/Library/Frameworks/CoreGraphics.framework; sourceTree = SDKROOT; };
		32CA4F630368D1EE00C91783 /* gEngine_Prefix.pch */ = {isa = PBXFileReference; fileEncoding = 4; lastKnownFileType = sourcecode.c.h; path = gEngine_Prefix.pch; sourceTree = "<group>"; };
		4D27E4830F9AD71900447247 /* OpenGLES.framework */ = {isa = PBXFileReference; explicitFileType = wrapper.framework; name = OpenGLES.framework; path = System/Library/Frameworks/OpenGLES.framework; sourceTree = SDKROOT; };
		4D27E4B40F9AD7D600447247 /* QuartzCore.framework */ = {isa = PBXFileReference; lastKnownFileType = wrapper.framework; name = QuartzCore.framework; path = System/Library/Frameworks/QuartzCore.framework; sourceTree = SDKROOT; };
		4D3135EB0F9A6649001FFC34 /* GLView.h */ = {isa = PBXFileReference; fileEncoding = 4; lastKnownFileType = sourcecode.c.h; path = GLView.h; sourceTree = "<group>"; };
		4D3135EC0F9A6649001FFC34 /* GLView.mm */ = {isa = PBXFileReference; fileEncoding = 4; lastKnownFileType = sourcecode.cpp.objcpp; path = GLView.mm; sourceTree = "<group>"; };
		4D508D32102600410065571B /* Basic.frag */ = {isa = PBXFileReference; fileEncoding = 4; lastKnownFileType = sourcecode.glsl; name = Basic.frag; path = Shaders/Basic.frag; sourceTree = "<group>"; };
		4D508D33102600410065571B /* Basic.vert */ = {isa = PBXFileReference; fileEncoding = 4; lastKnownFileType = sourcecode.glsl; name = Basic.vert; path = Shaders/Basic.vert; sourceTree = "<group>"; };
		4D77F28E10793BEB002D74C3 /* Default.png */ = {isa = PBXFileReference; lastKnownFileType = image.png; path = Default.png; sourceTree = "<group>"; };
		4D8FB2C20F9EB4740055EDDB /* Icon.png */ = {isa = PBXFileReference; lastKnownFileType = image.png; path = Icon.png; sourceTree = "<group>"; };
		4D8FB3720F9EC1010055EDDB /* main.m */ = {isa = PBXFileReference; fileEncoding = 4; lastKnownFileType = sourcecode.c.objc; path = main.m; sourceTree = "<group>"; };
		8D1107310486CEB800E47090 /* Info.plist */ = {isa = PBXFileReference; fileEncoding = 4; lastKnownFileType = text.plist.xml; path = Info.plist; sourceTree = "<group>"; };
		935A809814570F6200DE658A /* CBatch.h */ = {isa = PBXFileReference; fileEncoding = 4; lastKnownFileType = sourcecode.c.h; path = CBatch.h; sourceTree = "<group>"; };
		935A809A14570F7B00DE658A /* CBatch.cpp */ = {isa = PBXFileReference; fileEncoding = 4; lastKnownFileType = sourcecode.cpp.cpp; path = CBatch.cpp; sourceTree = "<group>"; };
		937367C7144ECE030051ED8D /* CShader.h */ = {isa = PBXFileReference; fileEncoding = 4; lastKnownFileType = sourcecode.c.h; path = CShader.h; sourceTree = "<group>"; };
		937367C8144ECE140051ED8D /* CShader.cpp */ = {isa = PBXFileReference; fileEncoding = 4; lastKnownFileType = sourcecode.cpp.cpp; path = CShader.cpp; sourceTree = "<group>"; };
		937367CA144EE2A70051ED8D /* CVertexBuffer.h */ = {isa = PBXFileReference; fileEncoding = 4; lastKnownFileType = sourcecode.c.h; path = CVertexBuffer.h; sourceTree = "<group>"; };
		937367CB144EE2B30051ED8D /* CVertexBuffer.cpp */ = {isa = PBXFileReference; fileEncoding = 4; lastKnownFileType = sourcecode.cpp.cpp; path = CVertexBuffer.cpp; sourceTree = "<group>"; };
		937367CE144EE3D50051ED8D /* CVector.h */ = {isa = PBXFileReference; fileEncoding = 4; lastKnownFileType = sourcecode.c.h; path = CVector.h; sourceTree = "<group>"; };
		937367D1144EE3EB0051ED8D /* CMatrix.h */ = {isa = PBXFileReference; fileEncoding = 4; lastKnownFileType = sourcecode.c.h; path = CMatrix.h; sourceTree = "<group>"; };
		937367E914515F150051ED8D /* CMTV.h */ = {isa = PBXFileReference; fileEncoding = 4; lastKnownFileType = sourcecode.c.h; path = CMTV.h; sourceTree = "<group>"; };
		937367EB14515F270051ED8D /* CMTV.cpp */ = {isa = PBXFileReference; fileEncoding = 4; lastKnownFileType = sourcecode.cpp.cpp; path = CMTV.cpp; sourceTree = "<group>"; };
		937367ED145190AD0051ED8D /* INode.h */ = {isa = PBXFileReference; fileEncoding = 4; lastKnownFileType = sourcecode.c.h; path = INode.h; sourceTree = "<group>"; };
		937367EE145190B90051ED8D /* INode.cpp */ = {isa = PBXFileReference; fileEncoding = 4; lastKnownFileType = sourcecode.cpp.cpp; path = INode.cpp; sourceTree = "<group>"; };
		937367FB145586EF0051ED8D /* CRenderEngine.h */ = {isa = PBXFileReference; fileEncoding = 4; lastKnownFileType = sourcecode.c.h; path = CRenderEngine.h; sourceTree = "<group>"; };
		937367FC145587030051ED8D /* CRenderEngine.cpp */ = {isa = PBXFileReference; fileEncoding = 4; lastKnownFileType = sourcecode.cpp.cpp; path = CRenderEngine.cpp; sourceTree = "<group>"; };
		937367FE145589900051ED8D /* CSceneEngine.h */ = {isa = PBXFileReference; fileEncoding = 4; lastKnownFileType = sourcecode.c.h; path = CSceneEngine.h; sourceTree = "<group>"; };
		937367FF145589A60051ED8D /* CSceneEngine.cpp */ = {isa = PBXFileReference; fileEncoding = 4; lastKnownFileType = sourcecode.cpp.cpp; path = CSceneEngine.cpp; sourceTree = "<group>"; };
		9373680114558CC60051ED8D /* CSprite.h */ = {isa = PBXFileReference; fileEncoding = 4; lastKnownFileType = sourcecode.c.h; path = CSprite.h; sourceTree = "<group>"; };
		9373680214558CD50051ED8D /* CSprite.cpp */ = {isa = PBXFileReference; fileEncoding = 4; lastKnownFileType = sourcecode.cpp.cpp; path = CSprite.cpp; sourceTree = "<group>"; };
		9373680414559D3D0051ED8D /* CCamera.h */ = {isa = PBXFileReference; fileEncoding = 4; lastKnownFileType = sourcecode.c.h; path = CCamera.h; sourceTree = "<group>"; };
		9373680514559D4F0051ED8D /* CCamera.cpp */ = {isa = PBXFileReference; fileEncoding = 4; lastKnownFileType = sourcecode.cpp.cpp; path = CCamera.cpp; sourceTree = "<group>"; };
		CE8DFA9114587AFD00AE7288 /* CGame.h */ = {isa = PBXFileReference; fileEncoding = 4; lastKnownFileType = sourcecode.c.h; path = CGame.h; sourceTree = "<group>"; };
		CE8DFA9214587B0C00AE7288 /* CGame.cpp */ = {isa = PBXFileReference; fileEncoding = 4; lastKnownFileType = sourcecode.cpp.cpp; path = CGame.cpp; sourceTree = "<group>"; };
		CE914ED11455D7E900AA2000 /* CShaderController.h */ = {isa = PBXFileReference; fileEncoding = 4; lastKnownFileType = sourcecode.c.h; path = CShaderController.h; sourceTree = "<group>"; };
		CE914ED31455DA3200AA2000 /* CShaderController.cpp */ = {isa = PBXFileReference; fileEncoding = 4; lastKnownFileType = sourcecode.cpp.cpp; path = CShaderController.cpp; sourceTree = "<group>"; };
		CE914ED51455DA4400AA2000 /* CTextureController.h */ = {isa = PBXFileReference; fileEncoding = 4; lastKnownFileType = sourcecode.c.h; path = CTextureController.h; sourceTree = "<group>"; };
		CE914ED61455DA5700AA2000 /* CTextureController.mm */ = {isa = PBXFileReference; fileEncoding = 4; lastKnownFileType = sourcecode.cpp.objcpp; path = CTextureController.mm; sourceTree = "<group>"; };
		CE914ED81455DA6800AA2000 /* CResourceController.h */ = {isa = PBXFileReference; fileEncoding = 4; lastKnownFileType = sourcecode.c.h; path = CResourceController.h; sourceTree = "<group>"; };
		CE914ED91455DA7800AA2000 /* CResourceController.cpp */ = {isa = PBXFileReference; fileEncoding = 4; lastKnownFileType = sourcecode.cpp.cpp; path = CResourceController.cpp; sourceTree = "<group>"; };
		CE919214145735E20021A0DC /* PVRTGlobal.h */ = {isa = PBXFileReference; fileEncoding = 4; lastKnownFileType = sourcecode.c.h; name = PVRTGlobal.h; path = Library/PowerVR/PVRTGlobal.h; sourceTree = "<group>"; };
		CE919215145735E20021A0DC /* PVRTTexture.h */ = {isa = PBXFileReference; fileEncoding = 4; lastKnownFileType = sourcecode.c.h; name = PVRTTexture.h; path = Library/PowerVR/PVRTTexture.h; sourceTree = "<group>"; };
		CE919216145736D70021A0DC /* CTexture.h */ = {isa = PBXFileReference; fileEncoding = 4; lastKnownFileType = sourcecode.c.h; path = CTexture.h; sourceTree = "<group>"; };
		CE919217145736FD0021A0DC /* CTexture.cpp */ = {isa = PBXFileReference; fileEncoding = 4; lastKnownFileType = sourcecode.cpp.cpp; path = CTexture.cpp; sourceTree = "<group>"; };
		CE91921A14573F7F0021A0DC /* Test.pvr */ = {isa = PBXFileReference; lastKnownFileType = file; name = Test.pvr; path = Resources/Textures/Test.pvr; sourceTree = "<group>"; };
/* End PBXFileReference section */

/* Begin PBXFrameworksBuildPhase section */
		1D60588F0D05DD3D006BFB54 /* Frameworks */ = {
			isa = PBXFrameworksBuildPhase;
			buildActionMask = 2147483647;
			files = (
				1D60589F0D05DD5A006BFB54 /* Foundation.framework in Frameworks */,
				1DF5F4E00D08C38300B7A737 /* UIKit.framework in Frameworks */,
				288765FD0DF74451002DB57D /* CoreGraphics.framework in Frameworks */,
				4D27E4840F9AD71900447247 /* OpenGLES.framework in Frameworks */,
				4D27E4B50F9AD7D600447247 /* QuartzCore.framework in Frameworks */,
			);
			runOnlyForDeploymentPostprocessing = 0;
		};
/* End PBXFrameworksBuildPhase section */

/* Begin PBXGroup section */
		080E96DDFE201D6D7F000001 /* Classes */ = {
			isa = PBXGroup;
			children = (
				CE8DFA9014587A9400AE7288 /* iPhone */,
				CE8DFA8E14587A8200AE7288 /* Game */,
				937367CD144EE3830051ED8D /* Math */,
				937367C5144ECDC20051ED8D /* Core */,
				937367E914515F150051ED8D /* CMTV.h */,
				937367EB14515F270051ED8D /* CMTV.cpp */,
			);
			path = Classes;
			sourceTree = "<group>";
		};
		19C28FACFE9D520D11CA2CBB /* Products */ = {
			isa = PBXGroup;
			children = (
				1D6058910D05DD3D006BFB54 /* gEngine.app */,
			);
			name = Products;
			sourceTree = "<group>";
		};
		29B97314FDCFA39411CA2CEA /* CustomTemplate */ = {
			isa = PBXGroup;
			children = (
				CE91920D145735A10021A0DC /* Library */,
				4A89D5250FEF3FC100F039C8 /* Shaders */,
				080E96DDFE201D6D7F000001 /* Classes */,
				29B97315FDCFA39411CA2CEA /* Other Sources */,
				29B97317FDCFA39411CA2CEA /* Resources */,
				29B97323FDCFA39411CA2CEA /* Frameworks */,
				19C28FACFE9D520D11CA2CBB /* Products */,
			);
			name = CustomTemplate;
			sourceTree = "<group>";
		};
		29B97315FDCFA39411CA2CEA /* Other Sources */ = {
			isa = PBXGroup;
			children = (
				4D8FB3720F9EC1010055EDDB /* main.m */,
				32CA4F630368D1EE00C91783 /* gEngine_Prefix.pch */,
			);
			name = "Other Sources";
			sourceTree = "<group>";
		};
		29B97317FDCFA39411CA2CEA /* Resources */ = {
			isa = PBXGroup;
			children = (
				CE91921914573F630021A0DC /* Textures */,
				4D8FB2C20F9EB4740055EDDB /* Icon.png */,
				8D1107310486CEB800E47090 /* Info.plist */,
				4D77F28E10793BEB002D74C3 /* Default.png */,
			);
			name = Resources;
			sourceTree = "<group>";
		};
		29B97323FDCFA39411CA2CEA /* Frameworks */ = {
			isa = PBXGroup;
			children = (
				4D27E4B40F9AD7D600447247 /* QuartzCore.framework */,
				4D27E4830F9AD71900447247 /* OpenGLES.framework */,
				1DF5F4DF0D08C38300B7A737 /* UIKit.framework */,
				1D30AB110D05D00D00671497 /* Foundation.framework */,
				288765FC0DF74451002DB57D /* CoreGraphics.framework */,
			);
			name = Frameworks;
			sourceTree = "<group>";
		};
		4A89D5250FEF3FC100F039C8 /* Shaders */ = {
			isa = PBXGroup;
			children = (
				4D508D32102600410065571B /* Basic.frag */,
				4D508D33102600410065571B /* Basic.vert */,
			);
			name = Shaders;
			sourceTree = "<group>";
		};
		937367C5144ECDC20051ED8D /* Core */ = {
			isa = PBXGroup;
			children = (
				937367C7144ECE030051ED8D /* CShader.h */,
				937367C8144ECE140051ED8D /* CShader.cpp */,
				937367CA144EE2A70051ED8D /* CVertexBuffer.h */,
				937367CB144EE2B30051ED8D /* CVertexBuffer.cpp */,
				937367ED145190AD0051ED8D /* INode.h */,
				937367EE145190B90051ED8D /* INode.cpp */,
				937367FB145586EF0051ED8D /* CRenderEngine.h */,
				937367FC145587030051ED8D /* CRenderEngine.cpp */,
				937367FE145589900051ED8D /* CSceneEngine.h */,
				937367FF145589A60051ED8D /* CSceneEngine.cpp */,
				9373680114558CC60051ED8D /* CSprite.h */,
				9373680214558CD50051ED8D /* CSprite.cpp */,
				9373680414559D3D0051ED8D /* CCamera.h */,
				9373680514559D4F0051ED8D /* CCamera.cpp */,
				CE914ED11455D7E900AA2000 /* CShaderController.h */,
				CE914ED31455DA3200AA2000 /* CShaderController.cpp */,
				CE914ED51455DA4400AA2000 /* CTextureController.h */,
				CE914ED61455DA5700AA2000 /* CTextureController.mm */,
				CE914ED81455DA6800AA2000 /* CResourceController.h */,
				CE914ED91455DA7800AA2000 /* CResourceController.cpp */,
				935A809814570F6200DE658A /* CBatch.h */,
				935A809A14570F7B00DE658A /* CBatch.cpp */,
				CE919216145736D70021A0DC /* CTexture.h */,
				CE919217145736FD0021A0DC /* CTexture.cpp */,
			);
			name = Core;
			sourceTree = "<group>";
		};
		937367CD144EE3830051ED8D /* Math */ = {
			isa = PBXGroup;
			children = (
				937367CE144EE3D50051ED8D /* CVector.h */,
				937367D1144EE3EB0051ED8D /* CMatrix.h */,
			);
			name = Math;
			sourceTree = "<group>";
		};
		CE8DFA8E14587A8200AE7288 /* Game */ = {
			isa = PBXGroup;
			children = (
				CE8DFA9114587AFD00AE7288 /* CGame.h */,
				CE8DFA9214587B0C00AE7288 /* CGame.cpp */,
			);
			name = Game;
			sourceTree = "<group>";
		};
		CE8DFA9014587A9400AE7288 /* iPhone */ = {
			isa = PBXGroup;
			children = (
				4D3135EC0F9A6649001FFC34 /* GLView.mm */,
				4D3135EB0F9A6649001FFC34 /* GLView.h */,
				1D3623250D0F684500981E51 /* MainAppDelegate.mm */,
				1D3623240D0F684500981E51 /* MainAppDelegate.h */,
			);
			name = iPhone;
			sourceTree = "<group>";
		};
		CE91920D145735A10021A0DC /* Library */ = {
			isa = PBXGroup;
			children = (
				CE91920F145735AF0021A0DC /* PowerVR */,
			);
			name = Library;
			sourceTree = "<group>";
		};
		CE91920F145735AF0021A0DC /* PowerVR */ = {
			isa = PBXGroup;
			children = (
				CE919214145735E20021A0DC /* PVRTGlobal.h */,
				CE919215145735E20021A0DC /* PVRTTexture.h */,
			);
			name = PowerVR;
			sourceTree = "<group>";
		};
		CE91921914573F630021A0DC /* Textures */ = {
			isa = PBXGroup;
			children = (
				CE91921A14573F7F0021A0DC /* Test.pvr */,
			);
			name = Textures;
			sourceTree = "<group>";
		};
/* End PBXGroup section */

/* Begin PBXNativeTarget section */
		1D6058900D05DD3D006BFB54 /* gEngine */ = {
			isa = PBXNativeTarget;
			buildConfigurationList = 1D6058960D05DD3E006BFB54 /* Build configuration list for PBXNativeTarget "gEngine" */;
			buildPhases = (
				1D60588D0D05DD3D006BFB54 /* Resources */,
				1D60588E0D05DD3D006BFB54 /* Sources */,
				1D60588F0D05DD3D006BFB54 /* Frameworks */,
			);
			buildRules = (
			);
			dependencies = (
			);
			name = gEngine;
			productName = HelloArrow;
			productReference = 1D6058910D05DD3D006BFB54 /* gEngine.app */;
			productType = "com.apple.product-type.application";
		};
/* End PBXNativeTarget section */

/* Begin PBXProject section */
		29B97313FDCFA39411CA2CEA /* Project object */ = {
			isa = PBXProject;
			buildConfigurationList = C01FCF4E08A954540054247B /* Build configuration list for PBXProject "gEngine" */;
			compatibilityVersion = "Xcode 3.1";
			developmentRegion = English;
			hasScannedForEncodings = 1;
			knownRegions = (
				English,
				Japanese,
				French,
				German,
			);
			mainGroup = 29B97314FDCFA39411CA2CEA /* CustomTemplate */;
			projectDirPath = "";
			projectRoot = "";
			targets = (
				1D6058900D05DD3D006BFB54 /* gEngine */,
			);
		};
/* End PBXProject section */

/* Begin PBXResourcesBuildPhase section */
		1D60588D0D05DD3D006BFB54 /* Resources */ = {
			isa = PBXResourcesBuildPhase;
			buildActionMask = 2147483647;
			files = (
				4D8FB2C30F9EB4740055EDDB /* Icon.png in Resources */,
				4D77F28F10793BEB002D74C3 /* Default.png in Resources */,
				CE91921B14573F7F0021A0DC /* Test.pvr in Resources */,
			);
			runOnlyForDeploymentPostprocessing = 0;
		};
/* End PBXResourcesBuildPhase section */

/* Begin PBXSourcesBuildPhase section */
		1D60588E0D05DD3D006BFB54 /* Sources */ = {
			isa = PBXSourcesBuildPhase;
			buildActionMask = 2147483647;
			files = (
				1D3623260D0F684500981E51 /* MainAppDelegate.mm in Sources */,
				4D3135ED0F9A6649001FFC34 /* GLView.mm in Sources */,
				4D8FB3730F9EC1010055EDDB /* main.m in Sources */,
				937367C9144ECE150051ED8D /* CShader.cpp in Sources */,
				937367CC144EE2B40051ED8D /* CVertexBuffer.cpp in Sources */,
				937367EC14515F280051ED8D /* CMTV.cpp in Sources */,
				937367EF145190BB0051ED8D /* INode.cpp in Sources */,
				937367FD145587050051ED8D /* CRenderEngine.cpp in Sources */,
				93736800145589AA0051ED8D /* CSceneEngine.cpp in Sources */,
				9373680314558CD80051ED8D /* CSprite.cpp in Sources */,
				9373680614559D540051ED8D /* CCamera.cpp in Sources */,
				CE914ED41455DA3200AA2000 /* CShaderController.cpp in Sources */,
				CE914ED71455DA5700AA2000 /* CTextureController.mm in Sources */,
				CE914EDA1455DA7800AA2000 /* CResourceController.cpp in Sources */,
				935A809B14570F7C00DE658A /* CBatch.cpp in Sources */,
				CE919218145736FD0021A0DC /* CTexture.cpp in Sources */,
				CE8DFA9314587B0C00AE7288 /* CGame.cpp in Sources */,
			);
			runOnlyForDeploymentPostprocessing = 0;
		};
/* End PBXSourcesBuildPhase section */

/* Begin XCBuildConfiguration section */
		1D6058940D05DD3E006BFB54 /* Debug */ = {
			isa = XCBuildConfiguration;
			buildSettings = {
				ALWAYS_SEARCH_USER_PATHS = NO;
				COPY_PHASE_STRIP = NO;
				GCC_DYNAMIC_NO_PIC = NO;
				GCC_OPTIMIZATION_LEVEL = 0;
				GCC_PRECOMPILE_PREFIX_HEADER = YES;
				GCC_PREFIX_HEADER = gEngine_Prefix.pch;
				INFOPLIST_FILE = Info.plist;
				PRODUCT_NAME = gEngine;
			};
			name = Debug;
		};
		1D6058950D05DD3E006BFB54 /* Release */ = {
			isa = XCBuildConfiguration;
			buildSettings = {
				ALWAYS_SEARCH_USER_PATHS = NO;
				COPY_PHASE_STRIP = YES;
				GCC_PRECOMPILE_PREFIX_HEADER = YES;
				GCC_PREFIX_HEADER = gEngine_Prefix.pch;
				INFOPLIST_FILE = Info.plist;
				PRODUCT_NAME = gEngine;
			};
			name = Release;
		};
		C01FCF4F08A954540054247B /* Debug */ = {
			isa = XCBuildConfiguration;
			buildSettings = {
				ARCHS = "$(ARCHS_STANDARD_32_BIT)";
				"CODE_SIGN_IDENTITY[sdk=iphoneos*]" = "iPhone Developer";
				GCC_C_LANGUAGE_STANDARD = c99;
				GCC_WARN_ABOUT_RETURN_TYPE = YES;
				GCC_WARN_UNUSED_VARIABLE = YES;
				ONLY_ACTIVE_ARCH = YES;
				PREBINDING = NO;
				SDKROOT = iphoneos;
			};
			name = Debug;
		};
		C01FCF5008A954540054247B /* Release */ = {
			isa = XCBuildConfiguration;
			buildSettings = {
				ARCHS = "$(ARCHS_STANDARD_32_BIT)";
				"CODE_SIGN_IDENTITY[sdk=iphoneos*]" = "iPhone Developer";
				GCC_C_LANGUAGE_STANDARD = c99;
				GCC_WARN_ABOUT_RETURN_TYPE = YES;
				GCC_WARN_UNUSED_VARIABLE = YES;
				PREBINDING = NO;
				SDKROOT = iphoneos;
			};
			name = Release;
		};
/* End XCBuildConfiguration section */

/* Begin XCConfigurationList section */
		1D6058960D05DD3E006BFB54 /* Build configuration list for PBXNativeTarget "gEngine" */ = {
			isa = XCConfigurationList;
			buildConfigurations = (
				1D6058940D05DD3E006BFB54 /* Debug */,
				1D6058950D05DD3E006BFB54 /* Release */,
			);
			defaultConfigurationIsVisible = 0;
			defaultConfigurationName = Release;
		};
		C01FCF4E08A954540054247B /* Build configuration list for PBXProject "gEngine" */ = {
			isa = XCConfigurationList;
			buildConfigurations = (
				C01FCF4F08A954540054247B /* Debug */,
				C01FCF5008A954540054247B /* Release */,
			);
			defaultConfigurationIsVisible = 0;
			defaultConfigurationName = Release;
		};
/* End XCConfigurationList section */
	};
	rootObject = 29B97313FDCFA39411CA2CEA /* Project object */;
}
