// !$*UTF8*$!
{
	archiveVersion = 1;
	classes = {
	};
	objectVersion = 46;
	objects = {

/* Begin PBXBuildFile section */
		1D3623260D0F684500981E51 /* MainAppDelegate.mm in Sources */ = {isa = PBXBuildFile; fileRef = 1D3623250D0F684500981E51 /* MainAppDelegate.mm */; };
		1D60589F0D05DD5A006BFB54 /* Foundation.framework in Frameworks */ = {isa = PBXBuildFile; fileRef = 1D30AB110D05D00D00671497 /* Foundation.framework */; };
		1DF5F4E00D08C38300B7A737 /* UIKit.framework in Frameworks */ = {isa = PBXBuildFile; fileRef = 1DF5F4DF0D08C38300B7A737 /* UIKit.framework */; };
		288765FD0DF74451002DB57D /* CoreGraphics.framework in Frameworks */ = {isa = PBXBuildFile; fileRef = 288765FC0DF74451002DB57D /* CoreGraphics.framework */; };
		4D27E4840F9AD71900447247 /* OpenGLES.framework in Frameworks */ = {isa = PBXBuildFile; fileRef = 4D27E4830F9AD71900447247 /* OpenGLES.framework */; };
		4D27E4B50F9AD7D600447247 /* QuartzCore.framework in Frameworks */ = {isa = PBXBuildFile; fileRef = 4D27E4B40F9AD7D600447247 /* QuartzCore.framework */; };
		4D3135ED0F9A6649001FFC34 /* GLView.mm in Sources */ = {isa = PBXBuildFile; fileRef = 4D3135EC0F9A6649001FFC34 /* GLView.mm */; };
		4D8FB3730F9EC1010055EDDB /* main.m in Sources */ = {isa = PBXBuildFile; fileRef = 4D8FB3720F9EC1010055EDDB /* main.m */; };
		9303B33C14AC902A005ED3BF /* CCameraFree.cpp in Sources */ = {isa = PBXBuildFile; fileRef = 9303B33B14AC902A005ED3BF /* CCameraFree.cpp */; };
		9303B33F14AC9054005ED3BF /* CCameraTarget.cpp in Sources */ = {isa = PBXBuildFile; fileRef = 9303B33E14AC9053005ED3BF /* CCameraTarget.cpp */; };
		9320598F145E964E00DEBCCB /* CParser_GLSL.cpp in Sources */ = {isa = PBXBuildFile; fileRef = 9320598E145E964E00DEBCCB /* CParser_GLSL.cpp */; };
		93205996145EA7D900DEBCCB /* CParser_PVR.cpp in Sources */ = {isa = PBXBuildFile; fileRef = 93205995145EA7D800DEBCCB /* CParser_PVR.cpp */; };
		93243D5A147553B500ED7443 /* CModel.cpp in Sources */ = {isa = PBXBuildFile; fileRef = 93243D59147553B500ED7443 /* CModel.cpp */; };
		933AFE2A14BC341D0090B5EC /* CCollisionMgr.cpp in Sources */ = {isa = PBXBuildFile; fileRef = 933AFE2914BC341D0090B5EC /* CCollisionMgr.cpp */; };
		933AFE2D14BC3F140090B5EC /* CColliderBox.cpp in Sources */ = {isa = PBXBuildFile; fileRef = 933AFE2C14BC3F140090B5EC /* CColliderBox.cpp */; };
		933AFE3A14BC5D110090B5EC /* CBatchMgr.cpp in Sources */ = {isa = PBXBuildFile; fileRef = 933AFE3914BC5D100090B5EC /* CBatchMgr.cpp */; };
		937367C9144ECE150051ED8D /* CShader.cpp in Sources */ = {isa = PBXBuildFile; fileRef = 937367C8144ECE140051ED8D /* CShader.cpp */; };
		937367CC144EE2B40051ED8D /* CVertexBuffer.cpp in Sources */ = {isa = PBXBuildFile; fileRef = 937367CB144EE2B30051ED8D /* CVertexBuffer.cpp */; };
		9373680614559D540051ED8D /* ICamera.cpp in Sources */ = {isa = PBXBuildFile; fileRef = 9373680514559D4F0051ED8D /* ICamera.cpp */; };
		939733A814CF048C005268B7 /* TileSet.pvr in Resources */ = {isa = PBXBuildFile; fileRef = 939733A714CF048C005268B7 /* TileSet.pvr */; };
		93A26DE7148BB1D000D14A0B /* footman.gmesh in Resources */ = {isa = PBXBuildFile; fileRef = 93A26DE6148BB1D000D14A0B /* footman.gmesh */; };
		93A26DE9148BB1D800D14A0B /* footman.pvr in Resources */ = {isa = PBXBuildFile; fileRef = 93A26DE8148BB1D800D14A0B /* footman.pvr */; };
		93A26DF0148BD5A100D14A0B /* CBone.cpp in Sources */ = {isa = PBXBuildFile; fileRef = 93A26DEF148BD5A100D14A0B /* CBone.cpp */; };
		93A26DF2148BDCB800D14A0B /* CSkeleton.cpp in Sources */ = {isa = PBXBuildFile; fileRef = 93A26DF1148BDCB800D14A0B /* CSkeleton.cpp */; };
		93A26E05148D087800D14A0B /* CWindow.cpp in Sources */ = {isa = PBXBuildFile; fileRef = 93A26E04148D087600D14A0B /* CWindow.cpp */; };
		93A26E09148D1DEA00D14A0B /* CParser_GMESH.cpp in Sources */ = {isa = PBXBuildFile; fileRef = 93A26E08148D1DE700D14A0B /* CParser_GMESH.cpp */; };
		93A26E0B148D1E3800D14A0B /* CCommon_IOS.mm in Sources */ = {isa = PBXBuildFile; fileRef = 93A26E0A148D1E3000D14A0B /* CCommon_IOS.mm */; };
		93AA2A5D14877E150073F016 /* CMovieModel.cpp in Sources */ = {isa = PBXBuildFile; fileRef = 93AA2A5C14877E150073F016 /* CMovieModel.cpp */; };
		93AA2A661487A7D10073F016 /* CRenderMgr.cpp in Sources */ = {isa = PBXBuildFile; fileRef = 93AA2A651487A7CD0073F016 /* CRenderMgr.cpp */; };
		93AA2A691487B3A30073F016 /* CSceneMgr.cpp in Sources */ = {isa = PBXBuildFile; fileRef = 93AA2A681487B39F0073F016 /* CSceneMgr.cpp */; };
		93AA2A7A148831D50073F016 /* ILight.cpp in Sources */ = {isa = PBXBuildFile; fileRef = 93AA2A79148831D00073F016 /* ILight.cpp */; };
		93AE336614C4447C00F1A516 /* CLandscape.cpp in Sources */ = {isa = PBXBuildFile; fileRef = 93AE336514C4447C00F1A516 /* CLandscape.cpp */; };
		93B23DE714C59082005BDA83 /* ICollider.cpp in Sources */ = {isa = PBXBuildFile; fileRef = 93B23DE614C59082005BDA83 /* ICollider.cpp */; };
		93B23DEA14C5933C005BDA83 /* CColliderQuad.cpp in Sources */ = {isa = PBXBuildFile; fileRef = 93B23DE914C5933B005BDA83 /* CColliderQuad.cpp */; };
		93B40547148E111A00EB887D /* GameViewController.mm in Sources */ = {isa = PBXBuildFile; fileRef = 93B40545148E111A00EB887D /* GameViewController.mm */; };
		93B4054F148E6E1800EB887D /* CBatch.cpp in Sources */ = {isa = PBXBuildFile; fileRef = 93B4054E148E6E1700EB887D /* CBatch.cpp */; };
		93B6BB7214840FD600E34B78 /* INode.cpp in Sources */ = {isa = PBXBuildFile; fileRef = 93B6BB7114840FD500E34B78 /* INode.cpp */; };
		93B6BB8C14841F0C00E34B78 /* CMesh.cpp in Sources */ = {isa = PBXBuildFile; fileRef = 93B6BB8B14841F0B00E34B78 /* CMesh.cpp */; };
		93B6BB8F1484210000E34B78 /* CMeshMgr.cpp in Sources */ = {isa = PBXBuildFile; fileRef = 93B6BB8E148420FE00E34B78 /* CMeshMgr.cpp */; };
		93B6BB961484D21900E34B78 /* CMeshComposite.cpp in Sources */ = {isa = PBXBuildFile; fileRef = 93B6BB951484D21300E34B78 /* CMeshComposite.cpp */; };
		93C06CF914D2951100B7502A /* CEventMgr.cpp in Sources */ = {isa = PBXBuildFile; fileRef = 93C06CF814D2951100B7502A /* CEventMgr.cpp */; };
		93CE486014B458E000C5F031 /* CBoundingBox.cpp in Sources */ = {isa = PBXBuildFile; fileRef = 93CE485F14B458E000C5F031 /* CBoundingBox.cpp */; };
		93CFC05E145EF15300720766 /* CInput.cpp in Sources */ = {isa = PBXBuildFile; fileRef = 93CFC05D145EF15300720766 /* CInput.cpp */; };
		93CFC0931463E61800720766 /* IParser.cpp in Sources */ = {isa = PBXBuildFile; fileRef = 93CFC0921463E61800720766 /* IParser.cpp */; };
		93CFC0961463EC0D00720766 /* IResource.cpp in Sources */ = {isa = PBXBuildFile; fileRef = 93CFC0951463EC0700720766 /* IResource.cpp */; };
		93CFC0991463FA2C00720766 /* IResourceMgr.cpp in Sources */ = {isa = PBXBuildFile; fileRef = 93CFC0981463FA2800720766 /* IResourceMgr.cpp */; };
		93DFB88314C9AF1200B6910C /* CTileSetterMgr.cpp in Sources */ = {isa = PBXBuildFile; fileRef = 93DFB88014C9AF0F00B6910C /* CTileSetterMgr.cpp */; };
		93E52C1A14C6E04900697561 /* CIndexBuffer.cpp in Sources */ = {isa = PBXBuildFile; fileRef = 93E52C1914C6E04900697561 /* CIndexBuffer.cpp */; };
		93F814F814D01E09005D6699 /* CLightPoint.cpp in Sources */ = {isa = PBXBuildFile; fileRef = 93F814F714D01E08005D6699 /* CLightPoint.cpp */; };
		93F814FB14D04438005D6699 /* CEditMgr.cpp in Sources */ = {isa = PBXBuildFile; fileRef = 93F814FA14D04437005D6699 /* CEditMgr.cpp */; };
		CE8DFA9314587B0C00AE7288 /* CGame.cpp in Sources */ = {isa = PBXBuildFile; fileRef = CE8DFA9214587B0C00AE7288 /* CGame.cpp */; };
		CE914ED41455DA3200AA2000 /* CShaderComposite.cpp in Sources */ = {isa = PBXBuildFile; fileRef = CE914ED31455DA3200AA2000 /* CShaderComposite.cpp */; };
		CE914ED71455DA5700AA2000 /* CTextureMgr.cpp in Sources */ = {isa = PBXBuildFile; fileRef = CE914ED61455DA5700AA2000 /* CTextureMgr.cpp */; };
		CE914EDA1455DA7800AA2000 /* CResourceMgr.cpp in Sources */ = {isa = PBXBuildFile; fileRef = CE914ED91455DA7800AA2000 /* CResourceMgr.cpp */; };
		CE919218145736FD0021A0DC /* CTexture.cpp in Sources */ = {isa = PBXBuildFile; fileRef = CE919217145736FD0021A0DC /* CTexture.cpp */; };
/* End PBXBuildFile section */

/* Begin PBXFileReference section */
		1D30AB110D05D00D00671497 /* Foundation.framework */ = {isa = PBXFileReference; lastKnownFileType = wrapper.framework; name = Foundation.framework; path = System/Library/Frameworks/Foundation.framework; sourceTree = SDKROOT; };
		1D3623240D0F684500981E51 /* MainAppDelegate.h */ = {isa = PBXFileReference; fileEncoding = 4; lastKnownFileType = sourcecode.c.h; path = MainAppDelegate.h; sourceTree = "<group>"; };
		1D3623250D0F684500981E51 /* MainAppDelegate.mm */ = {isa = PBXFileReference; fileEncoding = 4; lastKnownFileType = sourcecode.cpp.objcpp; path = MainAppDelegate.mm; sourceTree = "<group>"; };
		1D6058910D05DD3D006BFB54 /* gEngine.app */ = {isa = PBXFileReference; explicitFileType = wrapper.application; includeInIndex = 0; path = gEngine.app; sourceTree = BUILT_PRODUCTS_DIR; };
		1DF5F4DF0D08C38300B7A737 /* UIKit.framework */ = {isa = PBXFileReference; lastKnownFileType = wrapper.framework; name = UIKit.framework; path = System/Library/Frameworks/UIKit.framework; sourceTree = SDKROOT; };
		288765FC0DF74451002DB57D /* CoreGraphics.framework */ = {isa = PBXFileReference; lastKnownFileType = wrapper.framework; name = CoreGraphics.framework; path = System/Library/Frameworks/CoreGraphics.framework; sourceTree = SDKROOT; };
		32CA4F630368D1EE00C91783 /* gEngine_Prefix.pch */ = {isa = PBXFileReference; fileEncoding = 4; lastKnownFileType = sourcecode.c.h; path = gEngine_Prefix.pch; sourceTree = "<group>"; };
		4D27E4830F9AD71900447247 /* OpenGLES.framework */ = {isa = PBXFileReference; explicitFileType = wrapper.framework; name = OpenGLES.framework; path = System/Library/Frameworks/OpenGLES.framework; sourceTree = SDKROOT; };
		4D27E4B40F9AD7D600447247 /* QuartzCore.framework */ = {isa = PBXFileReference; lastKnownFileType = wrapper.framework; name = QuartzCore.framework; path = System/Library/Frameworks/QuartzCore.framework; sourceTree = SDKROOT; };
		4D3135EB0F9A6649001FFC34 /* GLView.h */ = {isa = PBXFileReference; fileEncoding = 4; lastKnownFileType = sourcecode.c.h; path = GLView.h; sourceTree = "<group>"; };
		4D3135EC0F9A6649001FFC34 /* GLView.mm */ = {isa = PBXFileReference; fileEncoding = 4; lastKnownFileType = sourcecode.cpp.objcpp; path = GLView.mm; sourceTree = "<group>"; };
		4D508D32102600410065571B /* ShaderTexture.frag */ = {isa = PBXFileReference; fileEncoding = 4; lastKnownFileType = sourcecode.glsl; name = ShaderTexture.frag; path = Shaders/ShaderTexture.frag; sourceTree = "<group>"; };
		4D508D33102600410065571B /* ShaderTexture.vert */ = {isa = PBXFileReference; fileEncoding = 4; lastKnownFileType = sourcecode.glsl; name = ShaderTexture.vert; path = Shaders/ShaderTexture.vert; sourceTree = "<group>"; };
		4D8FB3720F9EC1010055EDDB /* main.m */ = {isa = PBXFileReference; fileEncoding = 4; lastKnownFileType = sourcecode.c.objc; path = main.m; sourceTree = "<group>"; };
		8D1107310486CEB800E47090 /* Info.plist */ = {isa = PBXFileReference; fileEncoding = 4; lastKnownFileType = text.plist.xml; path = Info.plist; sourceTree = "<group>"; };
		9303B33A14AC901D005ED3BF /* CCameraFree.h */ = {isa = PBXFileReference; fileEncoding = 4; lastKnownFileType = sourcecode.c.h; path = CCameraFree.h; sourceTree = "<group>"; };
		9303B33B14AC902A005ED3BF /* CCameraFree.cpp */ = {isa = PBXFileReference; fileEncoding = 4; lastKnownFileType = sourcecode.cpp.cpp; path = CCameraFree.cpp; sourceTree = "<group>"; };
		9303B33D14AC9042005ED3BF /* CCameraTarget.h */ = {isa = PBXFileReference; fileEncoding = 4; lastKnownFileType = sourcecode.c.h; path = CCameraTarget.h; sourceTree = "<group>"; };
		9303B33E14AC9053005ED3BF /* CCameraTarget.cpp */ = {isa = PBXFileReference; fileEncoding = 4; lastKnownFileType = sourcecode.cpp.cpp; path = CCameraTarget.cpp; sourceTree = "<group>"; };
		931217EB146D110F00DDC82D /* IResourceMgr.h */ = {isa = PBXFileReference; fileEncoding = 4; lastKnownFileType = sourcecode.c.h; path = IResourceMgr.h; sourceTree = "<group>"; };
		9320598D145E964100DEBCCB /* CParser_GLSL.h */ = {isa = PBXFileReference; fileEncoding = 4; lastKnownFileType = sourcecode.c.h; path = CParser_GLSL.h; sourceTree = "<group>"; };
		9320598E145E964E00DEBCCB /* CParser_GLSL.cpp */ = {isa = PBXFileReference; fileEncoding = 4; lastKnownFileType = sourcecode.cpp.cpp; path = CParser_GLSL.cpp; sourceTree = "<group>"; };
		93205994145EA7CC00DEBCCB /* CParser_PVR.h */ = {isa = PBXFileReference; fileEncoding = 4; lastKnownFileType = sourcecode.c.h; path = CParser_PVR.h; sourceTree = "<group>"; };
		93205995145EA7D800DEBCCB /* CParser_PVR.cpp */ = {isa = PBXFileReference; fileEncoding = 4; lastKnownFileType = sourcecode.cpp.cpp; path = CParser_PVR.cpp; sourceTree = "<group>"; };
		93243D57147553AB00ED7443 /* CModel.h */ = {isa = PBXFileReference; fileEncoding = 4; lastKnownFileType = sourcecode.c.h; path = CModel.h; sourceTree = "<group>"; };
		93243D59147553B500ED7443 /* CModel.cpp */ = {isa = PBXFileReference; fileEncoding = 4; lastKnownFileType = sourcecode.cpp.cpp; path = CModel.cpp; sourceTree = "<group>"; };
		933AFE2714BC34020090B5EC /* CCollisionMgr.h */ = {isa = PBXFileReference; fileEncoding = 4; lastKnownFileType = sourcecode.c.h; path = CCollisionMgr.h; sourceTree = "<group>"; };
		933AFE2914BC341D0090B5EC /* CCollisionMgr.cpp */ = {isa = PBXFileReference; fileEncoding = 4; lastKnownFileType = sourcecode.cpp.cpp; path = CCollisionMgr.cpp; sourceTree = "<group>"; };
		933AFE2B14BC3F070090B5EC /* CColliderBox.h */ = {isa = PBXFileReference; fileEncoding = 4; lastKnownFileType = sourcecode.c.h; path = CColliderBox.h; sourceTree = "<group>"; };
		933AFE2C14BC3F140090B5EC /* CColliderBox.cpp */ = {isa = PBXFileReference; fileEncoding = 4; lastKnownFileType = sourcecode.cpp.cpp; path = CColliderBox.cpp; sourceTree = "<group>"; };
		933AFE3814BC5CFF0090B5EC /* CBatchMgr.h */ = {isa = PBXFileReference; fileEncoding = 4; lastKnownFileType = sourcecode.c.h; path = CBatchMgr.h; sourceTree = "<group>"; };
		933AFE3914BC5D100090B5EC /* CBatchMgr.cpp */ = {isa = PBXFileReference; fileEncoding = 4; lastKnownFileType = sourcecode.cpp.cpp; path = CBatchMgr.cpp; sourceTree = "<group>"; };
		937367C7144ECE030051ED8D /* CShader.h */ = {isa = PBXFileReference; fileEncoding = 4; lastKnownFileType = sourcecode.c.h; path = CShader.h; sourceTree = "<group>"; };
		937367C8144ECE140051ED8D /* CShader.cpp */ = {isa = PBXFileReference; fileEncoding = 4; lastKnownFileType = sourcecode.cpp.cpp; path = CShader.cpp; sourceTree = "<group>"; };
		937367CA144EE2A70051ED8D /* CVertexBuffer.h */ = {isa = PBXFileReference; fileEncoding = 4; lastKnownFileType = sourcecode.c.h; path = CVertexBuffer.h; sourceTree = "<group>"; };
		937367CB144EE2B30051ED8D /* CVertexBuffer.cpp */ = {isa = PBXFileReference; fileEncoding = 4; lastKnownFileType = sourcecode.cpp.cpp; path = CVertexBuffer.cpp; sourceTree = "<group>"; };
		937367CE144EE3D50051ED8D /* CVector.h */ = {isa = PBXFileReference; fileEncoding = 4; lastKnownFileType = sourcecode.c.h; path = CVector.h; sourceTree = "<group>"; };
		937367D1144EE3EB0051ED8D /* CMatrix.h */ = {isa = PBXFileReference; fileEncoding = 4; lastKnownFileType = sourcecode.c.h; path = CMatrix.h; sourceTree = "<group>"; };
		9373680414559D3D0051ED8D /* ICamera.h */ = {isa = PBXFileReference; fileEncoding = 4; lastKnownFileType = sourcecode.c.h; path = ICamera.h; sourceTree = "<group>"; };
		9373680514559D4F0051ED8D /* ICamera.cpp */ = {isa = PBXFileReference; fileEncoding = 4; lastKnownFileType = sourcecode.cpp.cpp; path = ICamera.cpp; sourceTree = "<group>"; };
		9385B03B147E6EA00041FAE1 /* ShaderLambert.frag */ = {isa = PBXFileReference; explicitFileType = sourcecode.c.h; fileEncoding = 4; name = ShaderLambert.frag; path = Shaders/ShaderLambert.frag; sourceTree = "<group>"; };
		9385B03C147E6EA00041FAE1 /* ShaderLambert.vert */ = {isa = PBXFileReference; explicitFileType = sourcecode.c.h; fileEncoding = 4; name = ShaderLambert.vert; path = Shaders/ShaderLambert.vert; sourceTree = "<group>"; };
		9385B03D147E6EA00041FAE1 /* ShaderCellShading.frag */ = {isa = PBXFileReference; explicitFileType = sourcecode.c.h; fileEncoding = 4; name = ShaderCellShading.frag; path = Shaders/ShaderCellShading.frag; sourceTree = "<group>"; };
		9385B03E147E6EA10041FAE1 /* ShaderCellShading.vert */ = {isa = PBXFileReference; explicitFileType = sourcecode.c.h; fileEncoding = 4; name = ShaderCellShading.vert; path = Shaders/ShaderCellShading.vert; sourceTree = "<group>"; };
		9385B03F147E6EA10041FAE1 /* ShaderGooch.frag */ = {isa = PBXFileReference; explicitFileType = sourcecode.c.h; fileEncoding = 4; name = ShaderGooch.frag; path = Shaders/ShaderGooch.frag; sourceTree = "<group>"; };
		9385B040147E6EA10041FAE1 /* ShaderGooch.vert */ = {isa = PBXFileReference; explicitFileType = sourcecode.c.h; fileEncoding = 4; name = ShaderGooch.vert; path = Shaders/ShaderGooch.vert; sourceTree = "<group>"; };
		9385B041147E6EA10041FAE1 /* ShaderRimLight.frag */ = {isa = PBXFileReference; fileEncoding = 4; lastKnownFileType = sourcecode.glsl; name = ShaderRimLight.frag; path = Shaders/ShaderRimLight.frag; sourceTree = "<group>"; };
		9385B042147E6EA10041FAE1 /* ShaderRimLight.vert */ = {isa = PBXFileReference; fileEncoding = 4; lastKnownFileType = sourcecode.glsl; name = ShaderRimLight.vert; path = Shaders/ShaderRimLight.vert; sourceTree = "<group>"; };
		9385B043147E6EA10041FAE1 /* ShaderPhong.frag */ = {isa = PBXFileReference; fileEncoding = 4; lastKnownFileType = sourcecode.glsl; name = ShaderPhong.frag; path = Shaders/ShaderPhong.frag; sourceTree = "<group>"; };
		9385B044147E6EA20041FAE1 /* ShaderPhong.vert */ = {isa = PBXFileReference; fileEncoding = 4; lastKnownFileType = sourcecode.glsl; name = ShaderPhong.vert; path = Shaders/ShaderPhong.vert; sourceTree = "<group>"; };
		939733A714CF048C005268B7 /* TileSet.pvr */ = {isa = PBXFileReference; lastKnownFileType = file; name = TileSet.pvr; path = Resources/Textures/TileSet.pvr; sourceTree = "<group>"; };
		93A26DE5148B7D6800D14A0B /* CQuaternion.h */ = {isa = PBXFileReference; fileEncoding = 4; lastKnownFileType = sourcecode.c.h; path = CQuaternion.h; sourceTree = "<group>"; };
		93A26DE6148BB1D000D14A0B /* footman.gmesh */ = {isa = PBXFileReference; fileEncoding = 4; lastKnownFileType = text; name = footman.gmesh; path = Resources/Data/footman.gmesh; sourceTree = "<group>"; };
		93A26DE8148BB1D800D14A0B /* footman.pvr */ = {isa = PBXFileReference; lastKnownFileType = file; name = footman.pvr; path = Resources/Textures/footman.pvr; sourceTree = "<group>"; };
		93A26DEA148BB1F600D14A0B /* CParser_GMESH.h */ = {isa = PBXFileReference; fileEncoding = 4; lastKnownFileType = sourcecode.c.h; path = CParser_GMESH.h; sourceTree = "<group>"; };
		93A26DED148BD57100D14A0B /* CSkeleton.h */ = {isa = PBXFileReference; fileEncoding = 4; lastKnownFileType = sourcecode.c.h; path = CSkeleton.h; sourceTree = "<group>"; };
		93A26DEE148BD59600D14A0B /* CBone.h */ = {isa = PBXFileReference; fileEncoding = 4; lastKnownFileType = sourcecode.c.h; path = CBone.h; sourceTree = "<group>"; };
		93A26DEF148BD5A100D14A0B /* CBone.cpp */ = {isa = PBXFileReference; fileEncoding = 4; lastKnownFileType = sourcecode.cpp.cpp; path = CBone.cpp; sourceTree = "<group>"; };
		93A26DF1148BDCB800D14A0B /* CSkeleton.cpp */ = {isa = PBXFileReference; fileEncoding = 4; lastKnownFileType = sourcecode.cpp.cpp; path = CSkeleton.cpp; sourceTree = "<group>"; };
		93A26E04148D087600D14A0B /* CWindow.cpp */ = {isa = PBXFileReference; fileEncoding = 4; lastKnownFileType = sourcecode.cpp.cpp; path = CWindow.cpp; sourceTree = "<group>"; };
		93A26E07148D19E300D14A0B /* CCommon_IOS.h */ = {isa = PBXFileReference; fileEncoding = 4; lastKnownFileType = sourcecode.c.h; path = CCommon_IOS.h; sourceTree = "<group>"; };
		93A26E08148D1DE700D14A0B /* CParser_GMESH.cpp */ = {isa = PBXFileReference; fileEncoding = 4; lastKnownFileType = sourcecode.cpp.cpp; path = CParser_GMESH.cpp; sourceTree = "<group>"; };
		93A26E0A148D1E3000D14A0B /* CCommon_IOS.mm */ = {isa = PBXFileReference; fileEncoding = 4; lastKnownFileType = sourcecode.cpp.objcpp; path = CCommon_IOS.mm; sourceTree = "<group>"; };
		93AA2A5A14877E030073F016 /* CMovieModel.h */ = {isa = PBXFileReference; fileEncoding = 4; lastKnownFileType = sourcecode.c.h; path = CMovieModel.h; sourceTree = "<group>"; };
		93AA2A5C14877E150073F016 /* CMovieModel.cpp */ = {isa = PBXFileReference; fileEncoding = 4; lastKnownFileType = sourcecode.cpp.cpp; path = CMovieModel.cpp; sourceTree = "<group>"; };
		93AA2A641487A7BA0073F016 /* CRenderMgr.h */ = {isa = PBXFileReference; fileEncoding = 4; lastKnownFileType = sourcecode.c.h; path = CRenderMgr.h; sourceTree = "<group>"; };
		93AA2A651487A7CD0073F016 /* CRenderMgr.cpp */ = {isa = PBXFileReference; fileEncoding = 4; lastKnownFileType = sourcecode.cpp.cpp; path = CRenderMgr.cpp; sourceTree = "<group>"; };
		93AA2A671487B38D0073F016 /* CSceneMgr.h */ = {isa = PBXFileReference; fileEncoding = 4; lastKnownFileType = sourcecode.c.h; path = CSceneMgr.h; sourceTree = "<group>"; };
		93AA2A681487B39F0073F016 /* CSceneMgr.cpp */ = {isa = PBXFileReference; fileEncoding = 4; lastKnownFileType = sourcecode.cpp.cpp; path = CSceneMgr.cpp; sourceTree = "<group>"; };
		93AA2A7814882E0B0073F016 /* ILight.h */ = {isa = PBXFileReference; fileEncoding = 4; lastKnownFileType = sourcecode.c.h; path = ILight.h; sourceTree = "<group>"; };
		93AA2A79148831D00073F016 /* ILight.cpp */ = {isa = PBXFileReference; fileEncoding = 4; lastKnownFileType = sourcecode.cpp.cpp; path = ILight.cpp; sourceTree = "<group>"; };
		93AA2A8D148A7A250073F016 /* CWindow.h */ = {isa = PBXFileReference; fileEncoding = 4; lastKnownFileType = sourcecode.c.h; path = CWindow.h; sourceTree = "<group>"; };
		93AE336314C4446D00F1A516 /* CLandscape.h */ = {isa = PBXFileReference; fileEncoding = 4; lastKnownFileType = sourcecode.c.h; path = CLandscape.h; sourceTree = "<group>"; };
		93AE336514C4447C00F1A516 /* CLandscape.cpp */ = {isa = PBXFileReference; fileEncoding = 4; lastKnownFileType = sourcecode.cpp.cpp; path = CLandscape.cpp; sourceTree = "<group>"; };
		93B23DE414C59074005BDA83 /* ICollider.h */ = {isa = PBXFileReference; fileEncoding = 4; lastKnownFileType = sourcecode.c.h; path = ICollider.h; sourceTree = "<group>"; };
		93B23DE614C59082005BDA83 /* ICollider.cpp */ = {isa = PBXFileReference; fileEncoding = 4; lastKnownFileType = sourcecode.cpp.cpp; path = ICollider.cpp; sourceTree = "<group>"; };
		93B23DE814C59330005BDA83 /* CColliderQuad.h */ = {isa = PBXFileReference; fileEncoding = 4; lastKnownFileType = sourcecode.c.h; path = CColliderQuad.h; sourceTree = "<group>"; };
		93B23DE914C5933B005BDA83 /* CColliderQuad.cpp */ = {isa = PBXFileReference; fileEncoding = 4; lastKnownFileType = sourcecode.cpp.cpp; path = CColliderQuad.cpp; sourceTree = "<group>"; };
		93B40544148E111A00EB887D /* GameViewController.h */ = {isa = PBXFileReference; fileEncoding = 4; lastKnownFileType = sourcecode.c.h; path = GameViewController.h; sourceTree = "<group>"; };
		93B40545148E111A00EB887D /* GameViewController.mm */ = {isa = PBXFileReference; fileEncoding = 4; lastKnownFileType = sourcecode.cpp.objcpp; path = GameViewController.mm; sourceTree = "<group>"; };
		93B4054D148E6DFE00EB887D /* CBatch.h */ = {isa = PBXFileReference; fileEncoding = 4; lastKnownFileType = sourcecode.c.h; path = CBatch.h; sourceTree = "<group>"; };
		93B4054E148E6E1700EB887D /* CBatch.cpp */ = {isa = PBXFileReference; fileEncoding = 4; lastKnownFileType = sourcecode.cpp.cpp; path = CBatch.cpp; sourceTree = "<group>"; };
		93B6BB6F14840FC700E34B78 /* INode.h */ = {isa = PBXFileReference; fileEncoding = 4; lastKnownFileType = sourcecode.c.h; path = INode.h; sourceTree = "<group>"; };
		93B6BB7114840FD500E34B78 /* INode.cpp */ = {isa = PBXFileReference; fileEncoding = 4; lastKnownFileType = sourcecode.cpp.cpp; path = INode.cpp; sourceTree = "<group>"; };
		93B6BB8A14841DC400E34B78 /* CMesh.h */ = {isa = PBXFileReference; fileEncoding = 4; lastKnownFileType = sourcecode.c.h; path = CMesh.h; sourceTree = "<group>"; };
		93B6BB8B14841F0B00E34B78 /* CMesh.cpp */ = {isa = PBXFileReference; fileEncoding = 4; lastKnownFileType = sourcecode.cpp.cpp; path = CMesh.cpp; sourceTree = "<group>"; };
		93B6BB8D148420ED00E34B78 /* CMeshMgr.h */ = {isa = PBXFileReference; fileEncoding = 4; lastKnownFileType = sourcecode.c.h; path = CMeshMgr.h; sourceTree = "<group>"; };
		93B6BB8E148420FE00E34B78 /* CMeshMgr.cpp */ = {isa = PBXFileReference; fileEncoding = 4; lastKnownFileType = sourcecode.cpp.cpp; path = CMeshMgr.cpp; sourceTree = "<group>"; };
		93B6BB941484D1F200E34B78 /* CMeshComposite.h */ = {isa = PBXFileReference; fileEncoding = 4; lastKnownFileType = sourcecode.c.h; path = CMeshComposite.h; sourceTree = "<group>"; };
		93B6BB951484D21300E34B78 /* CMeshComposite.cpp */ = {isa = PBXFileReference; fileEncoding = 4; lastKnownFileType = sourcecode.cpp.cpp; path = CMeshComposite.cpp; sourceTree = "<group>"; };
		93C06CF614D2950600B7502A /* CEventMgr.h */ = {isa = PBXFileReference; fileEncoding = 4; lastKnownFileType = sourcecode.c.h; path = CEventMgr.h; sourceTree = "<group>"; };
		93C06CF814D2951100B7502A /* CEventMgr.cpp */ = {isa = PBXFileReference; fileEncoding = 4; lastKnownFileType = sourcecode.cpp.cpp; path = CEventMgr.cpp; sourceTree = "<group>"; };
		93CE485E14B458D500C5F031 /* CBoundingBox.h */ = {isa = PBXFileReference; fileEncoding = 4; lastKnownFileType = sourcecode.c.h; path = CBoundingBox.h; sourceTree = "<group>"; };
		93CE485F14B458E000C5F031 /* CBoundingBox.cpp */ = {isa = PBXFileReference; fileEncoding = 4; lastKnownFileType = sourcecode.cpp.cpp; path = CBoundingBox.cpp; sourceTree = "<group>"; };
		93CFC05C145EF14800720766 /* CInput.h */ = {isa = PBXFileReference; fileEncoding = 4; lastKnownFileType = sourcecode.c.h; path = CInput.h; sourceTree = "<group>"; };
		93CFC05D145EF15300720766 /* CInput.cpp */ = {isa = PBXFileReference; fileEncoding = 4; lastKnownFileType = sourcecode.cpp.cpp; path = CInput.cpp; sourceTree = "<group>"; };
		93CFC0901463E60C00720766 /* IParser.h */ = {isa = PBXFileReference; fileEncoding = 4; lastKnownFileType = sourcecode.c.h; path = IParser.h; sourceTree = "<group>"; };
		93CFC0921463E61800720766 /* IParser.cpp */ = {isa = PBXFileReference; fileEncoding = 4; lastKnownFileType = sourcecode.cpp.cpp; path = IParser.cpp; sourceTree = "<group>"; };
		93CFC0941463EBF500720766 /* IResource.h */ = {isa = PBXFileReference; fileEncoding = 4; lastKnownFileType = sourcecode.c.h; path = IResource.h; sourceTree = "<group>"; };
		93CFC0951463EC0700720766 /* IResource.cpp */ = {isa = PBXFileReference; fileEncoding = 4; lastKnownFileType = sourcecode.cpp.cpp; path = IResource.cpp; sourceTree = "<group>"; };
		93CFC0981463FA2800720766 /* IResourceMgr.cpp */ = {isa = PBXFileReference; fileEncoding = 4; lastKnownFileType = sourcecode.cpp.cpp; path = IResourceMgr.cpp; sourceTree = "<group>"; };
		93CFC0AE146809E400720766 /* ShaderColor.frag */ = {isa = PBXFileReference; explicitFileType = sourcecode.c.h; fileEncoding = 4; name = ShaderColor.frag; path = Shaders/ShaderColor.frag; sourceTree = "<group>"; };
		93CFC0AF146809E400720766 /* ShaderColor.vert */ = {isa = PBXFileReference; explicitFileType = sourcecode.c.h; fileEncoding = 4; name = ShaderColor.vert; path = Shaders/ShaderColor.vert; sourceTree = "<group>"; };
		93DFB88014C9AF0F00B6910C /* CTileSetterMgr.cpp */ = {isa = PBXFileReference; fileEncoding = 4; lastKnownFileType = sourcecode.cpp.cpp; path = CTileSetterMgr.cpp; sourceTree = "<group>"; };
		93DFB88114C9AF1000B6910C /* CTileSetterMgr.h */ = {isa = PBXFileReference; fileEncoding = 4; lastKnownFileType = sourcecode.c.h; path = CTileSetterMgr.h; sourceTree = "<group>"; };
		93E52C1714C6E01E00697561 /* CIndexBuffer.h */ = {isa = PBXFileReference; fileEncoding = 4; lastKnownFileType = sourcecode.c.h; path = CIndexBuffer.h; sourceTree = "<group>"; };
		93E52C1914C6E04900697561 /* CIndexBuffer.cpp */ = {isa = PBXFileReference; fileEncoding = 4; lastKnownFileType = sourcecode.cpp.cpp; path = CIndexBuffer.cpp; sourceTree = "<group>"; };
		93F814F514D01DF8005D6699 /* CLightPoint.h */ = {isa = PBXFileReference; fileEncoding = 4; lastKnownFileType = sourcecode.c.h; path = CLightPoint.h; sourceTree = "<group>"; };
		93F814F714D01E08005D6699 /* CLightPoint.cpp */ = {isa = PBXFileReference; fileEncoding = 4; lastKnownFileType = sourcecode.cpp.cpp; path = CLightPoint.cpp; sourceTree = "<group>"; };
		93F814F914D0442B005D6699 /* CEditMgr.h */ = {isa = PBXFileReference; fileEncoding = 4; lastKnownFileType = sourcecode.c.h; path = CEditMgr.h; sourceTree = "<group>"; };
		93F814FA14D04437005D6699 /* CEditMgr.cpp */ = {isa = PBXFileReference; fileEncoding = 4; lastKnownFileType = sourcecode.cpp.cpp; path = CEditMgr.cpp; sourceTree = "<group>"; };
		CE8DFA9114587AFD00AE7288 /* CGame.h */ = {isa = PBXFileReference; fileEncoding = 4; lastKnownFileType = sourcecode.c.h; path = CGame.h; sourceTree = "<group>"; };
		CE8DFA9214587B0C00AE7288 /* CGame.cpp */ = {isa = PBXFileReference; fileEncoding = 4; lastKnownFileType = sourcecode.cpp.cpp; path = CGame.cpp; sourceTree = "<group>"; };
		CE914ED11455D7E900AA2000 /* CShaderComposite.h */ = {isa = PBXFileReference; fileEncoding = 4; lastKnownFileType = sourcecode.c.h; path = CShaderComposite.h; sourceTree = "<group>"; };
		CE914ED31455DA3200AA2000 /* CShaderComposite.cpp */ = {isa = PBXFileReference; fileEncoding = 4; lastKnownFileType = sourcecode.cpp.cpp; path = CShaderComposite.cpp; sourceTree = "<group>"; };
		CE914ED51455DA4400AA2000 /* CTextureMgr.h */ = {isa = PBXFileReference; fileEncoding = 4; lastKnownFileType = sourcecode.c.h; path = CTextureMgr.h; sourceTree = "<group>"; };
		CE914ED61455DA5700AA2000 /* CTextureMgr.cpp */ = {isa = PBXFileReference; fileEncoding = 4; lastKnownFileType = sourcecode.cpp.cpp; path = CTextureMgr.cpp; sourceTree = "<group>"; };
		CE914ED81455DA6800AA2000 /* CResourceMgr.h */ = {isa = PBXFileReference; fileEncoding = 4; lastKnownFileType = sourcecode.c.h; path = CResourceMgr.h; sourceTree = "<group>"; };
		CE914ED91455DA7800AA2000 /* CResourceMgr.cpp */ = {isa = PBXFileReference; fileEncoding = 4; lastKnownFileType = sourcecode.cpp.cpp; path = CResourceMgr.cpp; sourceTree = "<group>"; };
		CE919214145735E20021A0DC /* PVRTGlobal.h */ = {isa = PBXFileReference; fileEncoding = 4; lastKnownFileType = sourcecode.c.h; name = PVRTGlobal.h; path = Library/PowerVR/PVRTGlobal.h; sourceTree = "<group>"; };
		CE919215145735E20021A0DC /* PVRTTexture.h */ = {isa = PBXFileReference; fileEncoding = 4; lastKnownFileType = sourcecode.c.h; name = PVRTTexture.h; path = Library/PowerVR/PVRTTexture.h; sourceTree = "<group>"; };
		CE919216145736D70021A0DC /* CTexture.h */ = {isa = PBXFileReference; fileEncoding = 4; lastKnownFileType = sourcecode.c.h; path = CTexture.h; sourceTree = "<group>"; };
		CE919217145736FD0021A0DC /* CTexture.cpp */ = {isa = PBXFileReference; fileEncoding = 4; lastKnownFileType = sourcecode.cpp.cpp; path = CTexture.cpp; sourceTree = "<group>"; };
/* End PBXFileReference section */

/* Begin PBXFrameworksBuildPhase section */
		1D60588F0D05DD3D006BFB54 /* Frameworks */ = {
			isa = PBXFrameworksBuildPhase;
			buildActionMask = 2147483647;
			files = (
				1D60589F0D05DD5A006BFB54 /* Foundation.framework in Frameworks */,
				1DF5F4E00D08C38300B7A737 /* UIKit.framework in Frameworks */,
				288765FD0DF74451002DB57D /* CoreGraphics.framework in Frameworks */,
				4D27E4840F9AD71900447247 /* OpenGLES.framework in Frameworks */,
				4D27E4B50F9AD7D600447247 /* QuartzCore.framework in Frameworks */,
			);
			runOnlyForDeploymentPostprocessing = 0;
		};
/* End PBXFrameworksBuildPhase section */

/* Begin PBXGroup section */
		080E96DDFE201D6D7F000001 /* Classes */ = {
			isa = PBXGroup;
			children = (
				CE8DFA9014587A9400AE7288 /* iPhone */,
				CE8DFA8E14587A8200AE7288 /* Game */,
				937367C5144ECDC20051ED8D /* Core */,
			);
			path = Classes;
			sourceTree = "<group>";
		};
		19C28FACFE9D520D11CA2CBB /* Products */ = {
			isa = PBXGroup;
			children = (
				1D6058910D05DD3D006BFB54 /* gEngine.app */,
			);
			name = Products;
			sourceTree = "<group>";
		};
		29B97314FDCFA39411CA2CEA /* CustomTemplate */ = {
			isa = PBXGroup;
			children = (
				CE91920D145735A10021A0DC /* Library */,
				4A89D5250FEF3FC100F039C8 /* Shaders */,
				080E96DDFE201D6D7F000001 /* Classes */,
				29B97315FDCFA39411CA2CEA /* Other Sources */,
				29B97317FDCFA39411CA2CEA /* Resources */,
				29B97323FDCFA39411CA2CEA /* Frameworks */,
				19C28FACFE9D520D11CA2CBB /* Products */,
			);
			name = CustomTemplate;
			sourceTree = "<group>";
		};
		29B97315FDCFA39411CA2CEA /* Other Sources */ = {
			isa = PBXGroup;
			children = (
				4D8FB3720F9EC1010055EDDB /* main.m */,
				32CA4F630368D1EE00C91783 /* gEngine_Prefix.pch */,
			);
			name = "Other Sources";
			sourceTree = "<group>";
		};
		29B97317FDCFA39411CA2CEA /* Resources */ = {
			isa = PBXGroup;
			children = (
				93CFC0C714683E9800720766 /* Data */,
				CE91921914573F630021A0DC /* Textures */,
				8D1107310486CEB800E47090 /* Info.plist */,
			);
			name = Resources;
			sourceTree = "<group>";
		};
		29B97323FDCFA39411CA2CEA /* Frameworks */ = {
			isa = PBXGroup;
			children = (
				4D27E4B40F9AD7D600447247 /* QuartzCore.framework */,
				4D27E4830F9AD71900447247 /* OpenGLES.framework */,
				1DF5F4DF0D08C38300B7A737 /* UIKit.framework */,
				1D30AB110D05D00D00671497 /* Foundation.framework */,
				288765FC0DF74451002DB57D /* CoreGraphics.framework */,
			);
			name = Frameworks;
			sourceTree = "<group>";
		};
		4A89D5250FEF3FC100F039C8 /* Shaders */ = {
			isa = PBXGroup;
			children = (
				9385B03B147E6EA00041FAE1 /* ShaderLambert.frag */,
				9385B03C147E6EA00041FAE1 /* ShaderLambert.vert */,
				9385B03D147E6EA00041FAE1 /* ShaderCellShading.frag */,
				9385B03E147E6EA10041FAE1 /* ShaderCellShading.vert */,
				9385B03F147E6EA10041FAE1 /* ShaderGooch.frag */,
				9385B040147E6EA10041FAE1 /* ShaderGooch.vert */,
				9385B041147E6EA10041FAE1 /* ShaderRimLight.frag */,
				9385B042147E6EA10041FAE1 /* ShaderRimLight.vert */,
				9385B043147E6EA10041FAE1 /* ShaderPhong.frag */,
				9385B044147E6EA20041FAE1 /* ShaderPhong.vert */,
				93CFC0AE146809E400720766 /* ShaderColor.frag */,
				93CFC0AF146809E400720766 /* ShaderColor.vert */,
				4D508D32102600410065571B /* ShaderTexture.frag */,
				4D508D33102600410065571B /* ShaderTexture.vert */,
			);
			name = Shaders;
			sourceTree = "<group>";
		};
		9303B33914AC9001005ED3BF /* Cameras */ = {
			isa = PBXGroup;
			children = (
				9373680414559D3D0051ED8D /* ICamera.h */,
				9373680514559D4F0051ED8D /* ICamera.cpp */,
				9303B33A14AC901D005ED3BF /* CCameraFree.h */,
				9303B33B14AC902A005ED3BF /* CCameraFree.cpp */,
				9303B33D14AC9042005ED3BF /* CCameraTarget.h */,
				9303B33E14AC9053005ED3BF /* CCameraTarget.cpp */,
			);
			name = Cameras;
			sourceTree = "<group>";
		};
		931217E4146D0DA500DDC82D /* ResourceMgr */ = {
			isa = PBXGroup;
			children = (
				9315D5A7147BBC4500F42FE7 /* Resources */,
				93205988145E8C6D00DEBCCB /* Loaders */,
				931217EB146D110F00DDC82D /* IResourceMgr.h */,
				93CFC0981463FA2800720766 /* IResourceMgr.cpp */,
				CE914ED51455DA4400AA2000 /* CTextureMgr.h */,
				CE914ED61455DA5700AA2000 /* CTextureMgr.cpp */,
				CE914ED91455DA7800AA2000 /* CResourceMgr.cpp */,
				CE914ED81455DA6800AA2000 /* CResourceMgr.h */,
				CE914ED11455D7E900AA2000 /* CShaderComposite.h */,
				CE914ED31455DA3200AA2000 /* CShaderComposite.cpp */,
				93B6BB8D148420ED00E34B78 /* CMeshMgr.h */,
				93B6BB8E148420FE00E34B78 /* CMeshMgr.cpp */,
				93B6BB941484D1F200E34B78 /* CMeshComposite.h */,
				93B6BB951484D21300E34B78 /* CMeshComposite.cpp */,
			);
			name = ResourceMgr;
			sourceTree = "<group>";
		};
		9315D5A7147BBC4500F42FE7 /* Resources */ = {
			isa = PBXGroup;
			children = (
				937367C8144ECE140051ED8D /* CShader.cpp */,
				937367C7144ECE030051ED8D /* CShader.h */,
				93CFC0941463EBF500720766 /* IResource.h */,
				93CFC0951463EC0700720766 /* IResource.cpp */,
				CE919216145736D70021A0DC /* CTexture.h */,
				CE919217145736FD0021A0DC /* CTexture.cpp */,
				93B6BB8A14841DC400E34B78 /* CMesh.h */,
				93B6BB8B14841F0B00E34B78 /* CMesh.cpp */,
			);
			name = Resources;
			sourceTree = "<group>";
		};
		93205988145E8C6D00DEBCCB /* Loaders */ = {
			isa = PBXGroup;
			children = (
				9320598E145E964E00DEBCCB /* CParser_GLSL.cpp */,
				9320598D145E964100DEBCCB /* CParser_GLSL.h */,
				93205995145EA7D800DEBCCB /* CParser_PVR.cpp */,
				93205994145EA7CC00DEBCCB /* CParser_PVR.h */,
				93CFC0901463E60C00720766 /* IParser.h */,
				93CFC0921463E61800720766 /* IParser.cpp */,
				93A26DEA148BB1F600D14A0B /* CParser_GMESH.h */,
				93A26E08148D1DE700D14A0B /* CParser_GMESH.cpp */,
			);
			name = Loaders;
			sourceTree = "<group>";
		};
		937367C5144ECDC20051ED8D /* Core */ = {
			isa = PBXGroup;
			children = (
				93DFB88114C9AF1000B6910C /* CTileSetterMgr.h */,
				93DFB88014C9AF0F00B6910C /* CTileSetterMgr.cpp */,
				9303B33914AC9001005ED3BF /* Cameras */,
				937367CD144EE3830051ED8D /* Math */,
				93B6BB761484149300E34B78 /* Nodes */,
				937367CA144EE2A70051ED8D /* CVertexBuffer.h */,
				937367CB144EE2B30051ED8D /* CVertexBuffer.cpp */,
				93E52C1714C6E01E00697561 /* CIndexBuffer.h */,
				93E52C1914C6E04900697561 /* CIndexBuffer.cpp */,
				931217E4146D0DA500DDC82D /* ResourceMgr */,
				93CFC05C145EF14800720766 /* CInput.h */,
				93CFC05D145EF15300720766 /* CInput.cpp */,
				93AA2A641487A7BA0073F016 /* CRenderMgr.h */,
				93AA2A651487A7CD0073F016 /* CRenderMgr.cpp */,
				93AA2A671487B38D0073F016 /* CSceneMgr.h */,
				93AA2A681487B39F0073F016 /* CSceneMgr.cpp */,
				93AA2A7814882E0B0073F016 /* ILight.h */,
				93AA2A79148831D00073F016 /* ILight.cpp */,
				93AA2A8D148A7A250073F016 /* CWindow.h */,
				93A26E04148D087600D14A0B /* CWindow.cpp */,
				93A26E07148D19E300D14A0B /* CCommon_IOS.h */,
				93A26E0A148D1E3000D14A0B /* CCommon_IOS.mm */,
				933AFE2714BC34020090B5EC /* CCollisionMgr.h */,
				933AFE2914BC341D0090B5EC /* CCollisionMgr.cpp */,
				933AFE3814BC5CFF0090B5EC /* CBatchMgr.h */,
				933AFE3914BC5D100090B5EC /* CBatchMgr.cpp */,
				93F814F514D01DF8005D6699 /* CLightPoint.h */,
				93F814F714D01E08005D6699 /* CLightPoint.cpp */,
				93F814F914D0442B005D6699 /* CEditMgr.h */,
				93F814FA14D04437005D6699 /* CEditMgr.cpp */,
				93C06CF614D2950600B7502A /* CEventMgr.h */,
				93C06CF814D2951100B7502A /* CEventMgr.cpp */,
			);
			name = Core;
			sourceTree = "<group>";
		};
		937367CD144EE3830051ED8D /* Math */ = {
			isa = PBXGroup;
			children = (
				937367CE144EE3D50051ED8D /* CVector.h */,
				937367D1144EE3EB0051ED8D /* CMatrix.h */,
				93A26DE5148B7D6800D14A0B /* CQuaternion.h */,
			);
			name = Math;
			sourceTree = "<group>";
		};
		93B6BB761484149300E34B78 /* Nodes */ = {
			isa = PBXGroup;
			children = (
				93243D57147553AB00ED7443 /* CModel.h */,
				93243D59147553B500ED7443 /* CModel.cpp */,
				93B6BB6F14840FC700E34B78 /* INode.h */,
				93B6BB7114840FD500E34B78 /* INode.cpp */,
				93AA2A5A14877E030073F016 /* CMovieModel.h */,
				93AA2A5C14877E150073F016 /* CMovieModel.cpp */,
				93A26DED148BD57100D14A0B /* CSkeleton.h */,
				93A26DF1148BDCB800D14A0B /* CSkeleton.cpp */,
				93A26DEE148BD59600D14A0B /* CBone.h */,
				93A26DEF148BD5A100D14A0B /* CBone.cpp */,
				93B4054D148E6DFE00EB887D /* CBatch.h */,
				93B4054E148E6E1700EB887D /* CBatch.cpp */,
				93CE485E14B458D500C5F031 /* CBoundingBox.h */,
				93CE485F14B458E000C5F031 /* CBoundingBox.cpp */,
				93AE336314C4446D00F1A516 /* CLandscape.h */,
				93AE336514C4447C00F1A516 /* CLandscape.cpp */,
				93B23DE414C59074005BDA83 /* ICollider.h */,
				93B23DE614C59082005BDA83 /* ICollider.cpp */,
				93B23DE814C59330005BDA83 /* CColliderQuad.h */,
				93B23DE914C5933B005BDA83 /* CColliderQuad.cpp */,
				933AFE2B14BC3F070090B5EC /* CColliderBox.h */,
				933AFE2C14BC3F140090B5EC /* CColliderBox.cpp */,
			);
			name = Nodes;
			sourceTree = "<group>";
		};
		93CFC0C714683E9800720766 /* Data */ = {
			isa = PBXGroup;
			children = (
				93A26DE6148BB1D000D14A0B /* footman.gmesh */,
			);
			name = Data;
			sourceTree = "<group>";
		};
		CE8DFA8E14587A8200AE7288 /* Game */ = {
			isa = PBXGroup;
			children = (
				CE8DFA9114587AFD00AE7288 /* CGame.h */,
				CE8DFA9214587B0C00AE7288 /* CGame.cpp */,
			);
			name = Game;
			sourceTree = "<group>";
		};
		CE8DFA9014587A9400AE7288 /* iPhone */ = {
			isa = PBXGroup;
			children = (
				4D3135EC0F9A6649001FFC34 /* GLView.mm */,
				4D3135EB0F9A6649001FFC34 /* GLView.h */,
				1D3623250D0F684500981E51 /* MainAppDelegate.mm */,
				1D3623240D0F684500981E51 /* MainAppDelegate.h */,
				93B40544148E111A00EB887D /* GameViewController.h */,
				93B40545148E111A00EB887D /* GameViewController.mm */,
			);
			name = iPhone;
			sourceTree = "<group>";
		};
		CE91920D145735A10021A0DC /* Library */ = {
			isa = PBXGroup;
			children = (
				CE91920F145735AF0021A0DC /* PowerVR */,
			);
			name = Library;
			sourceTree = "<group>";
		};
		CE91920F145735AF0021A0DC /* PowerVR */ = {
			isa = PBXGroup;
			children = (
				CE919214145735E20021A0DC /* PVRTGlobal.h */,
				CE919215145735E20021A0DC /* PVRTTexture.h */,
			);
			name = PowerVR;
			sourceTree = "<group>";
		};
		CE91921914573F630021A0DC /* Textures */ = {
			isa = PBXGroup;
			children = (
				939733A714CF048C005268B7 /* TileSet.pvr */,
				93A26DE8148BB1D800D14A0B /* footman.pvr */,
			);
			name = Textures;
			sourceTree = "<group>";
		};
/* End PBXGroup section */

/* Begin PBXNativeTarget section */
		1D6058900D05DD3D006BFB54 /* gEngine */ = {
			isa = PBXNativeTarget;
			buildConfigurationList = 1D6058960D05DD3E006BFB54 /* Build configuration list for PBXNativeTarget "gEngine" */;
			buildPhases = (
				1D60588D0D05DD3D006BFB54 /* Resources */,
				1D60588E0D05DD3D006BFB54 /* Sources */,
				1D60588F0D05DD3D006BFB54 /* Frameworks */,
			);
			buildRules = (
			);
			dependencies = (
			);
			name = gEngine;
			productName = HelloArrow;
			productReference = 1D6058910D05DD3D006BFB54 /* gEngine.app */;
			productType = "com.apple.product-type.application";
		};
/* End PBXNativeTarget section */

/* Begin PBXProject section */
		29B97313FDCFA39411CA2CEA /* Project object */ = {
			isa = PBXProject;
			attributes = {
				LastUpgradeCheck = 0420;
			};
			buildConfigurationList = C01FCF4E08A954540054247B /* Build configuration list for PBXProject "gEngine" */;
			compatibilityVersion = "Xcode 3.2";
			developmentRegion = English;
			hasScannedForEncodings = 1;
			knownRegions = (
				English,
				Japanese,
				French,
				German,
			);
			mainGroup = 29B97314FDCFA39411CA2CEA /* CustomTemplate */;
			projectDirPath = "";
			projectRoot = "";
			targets = (
				1D6058900D05DD3D006BFB54 /* gEngine */,
			);
		};
/* End PBXProject section */

/* Begin PBXResourcesBuildPhase section */
		1D60588D0D05DD3D006BFB54 /* Resources */ = {
			isa = PBXResourcesBuildPhase;
			buildActionMask = 2147483647;
			files = (
				93A26DE7148BB1D000D14A0B /* footman.gmesh in Resources */,
				93A26DE9148BB1D800D14A0B /* footman.pvr in Resources */,
				939733A814CF048C005268B7 /* TileSet.pvr in Resources */,
			);
			runOnlyForDeploymentPostprocessing = 0;
		};
/* End PBXResourcesBuildPhase section */

/* Begin PBXSourcesBuildPhase section */
		1D60588E0D05DD3D006BFB54 /* Sources */ = {
			isa = PBXSourcesBuildPhase;
			buildActionMask = 2147483647;
			files = (
				1D3623260D0F684500981E51 /* MainAppDelegate.mm in Sources */,
				4D3135ED0F9A6649001FFC34 /* GLView.mm in Sources */,
				4D8FB3730F9EC1010055EDDB /* main.m in Sources */,
				937367C9144ECE150051ED8D /* CShader.cpp in Sources */,
				937367CC144EE2B40051ED8D /* CVertexBuffer.cpp in Sources */,
				9373680614559D540051ED8D /* ICamera.cpp in Sources */,
				CE914ED41455DA3200AA2000 /* CShaderComposite.cpp in Sources */,
				CE914ED71455DA5700AA2000 /* CTextureMgr.cpp in Sources */,
				CE914EDA1455DA7800AA2000 /* CResourceMgr.cpp in Sources */,
				CE919218145736FD0021A0DC /* CTexture.cpp in Sources */,
				CE8DFA9314587B0C00AE7288 /* CGame.cpp in Sources */,
				9320598F145E964E00DEBCCB /* CParser_GLSL.cpp in Sources */,
				93205996145EA7D900DEBCCB /* CParser_PVR.cpp in Sources */,
				93CFC05E145EF15300720766 /* CInput.cpp in Sources */,
				93CFC0931463E61800720766 /* IParser.cpp in Sources */,
				93CFC0961463EC0D00720766 /* IResource.cpp in Sources */,
				93CFC0991463FA2C00720766 /* IResourceMgr.cpp in Sources */,
				93243D5A147553B500ED7443 /* CModel.cpp in Sources */,
				93B6BB7214840FD600E34B78 /* INode.cpp in Sources */,
				93B6BB8C14841F0C00E34B78 /* CMesh.cpp in Sources */,
				93B6BB8F1484210000E34B78 /* CMeshMgr.cpp in Sources */,
				93B6BB961484D21900E34B78 /* CMeshComposite.cpp in Sources */,
				93AA2A5D14877E150073F016 /* CMovieModel.cpp in Sources */,
				93AA2A661487A7D10073F016 /* CRenderMgr.cpp in Sources */,
				93AA2A691487B3A30073F016 /* CSceneMgr.cpp in Sources */,
				93AA2A7A148831D50073F016 /* ILight.cpp in Sources */,
				93A26DF0148BD5A100D14A0B /* CBone.cpp in Sources */,
				93A26DF2148BDCB800D14A0B /* CSkeleton.cpp in Sources */,
				93A26E05148D087800D14A0B /* CWindow.cpp in Sources */,
				93A26E09148D1DEA00D14A0B /* CParser_GMESH.cpp in Sources */,
				93A26E0B148D1E3800D14A0B /* CCommon_IOS.mm in Sources */,
				93B40547148E111A00EB887D /* GameViewController.mm in Sources */,
				93B4054F148E6E1800EB887D /* CBatch.cpp in Sources */,
				9303B33C14AC902A005ED3BF /* CCameraFree.cpp in Sources */,
				9303B33F14AC9054005ED3BF /* CCameraTarget.cpp in Sources */,
				93CE486014B458E000C5F031 /* CBoundingBox.cpp in Sources */,
				933AFE2A14BC341D0090B5EC /* CCollisionMgr.cpp in Sources */,
				933AFE2D14BC3F140090B5EC /* CColliderBox.cpp in Sources */,
				933AFE3A14BC5D110090B5EC /* CBatchMgr.cpp in Sources */,
				93AE336614C4447C00F1A516 /* CLandscape.cpp in Sources */,
				93B23DE714C59082005BDA83 /* ICollider.cpp in Sources */,
				93B23DEA14C5933C005BDA83 /* CColliderQuad.cpp in Sources */,
				93E52C1A14C6E04900697561 /* CIndexBuffer.cpp in Sources */,
				93DFB88314C9AF1200B6910C /* CTileSetterMgr.cpp in Sources */,
				93F814F814D01E09005D6699 /* CLightPoint.cpp in Sources */,
				93F814FB14D04438005D6699 /* CEditMgr.cpp in Sources */,
				93C06CF914D2951100B7502A /* CEventMgr.cpp in Sources */,
			);
			runOnlyForDeploymentPostprocessing = 0;
		};
/* End PBXSourcesBuildPhase section */

/* Begin XCBuildConfiguration section */
		1D6058940D05DD3E006BFB54 /* Debug */ = {
			isa = XCBuildConfiguration;
			buildSettings = {
				ALWAYS_SEARCH_USER_PATHS = YES;
				ARCHS = (
					armv6,
					armv7,
				);
				CODE_SIGN_IDENTITY = "iPhone Developer: Sergey Sergeev (RJ3533Y67B)";
				COPY_PHASE_STRIP = NO;
				GCC_DYNAMIC_NO_PIC = NO;
				GCC_OPTIMIZATION_LEVEL = 0;
				GCC_PRECOMPILE_PREFIX_HEADER = YES;
				GCC_PREFIX_HEADER = gEngine_Prefix.pch;
				HEADER_SEARCH_PATHS = "\"${PROJECT_DIR}\"/**";
				INFOPLIST_FILE = Info.plist;
				IPHONEOS_DEPLOYMENT_TARGET = 5.0;
				PRODUCT_NAME = gEngine;
				PROVISIONING_PROFILE = "4EDC488A-9A3A-4B18-82B3-E868337B3DE8";
				TARGETED_DEVICE_FAMILY = 2;
			};
			name = Debug;
		};
		1D6058950D05DD3E006BFB54 /* Release */ = {
			isa = XCBuildConfiguration;
			buildSettings = {
				ALWAYS_SEARCH_USER_PATHS = YES;
				ARCHS = (
					armv6,
					armv7,
				);
				CODE_SIGN_IDENTITY = "iPhone Developer: Sergey Sergeev (RJ3533Y67B)";
				COPY_PHASE_STRIP = YES;
				GCC_PRECOMPILE_PREFIX_HEADER = YES;
				GCC_PREFIX_HEADER = gEngine_Prefix.pch;
				HEADER_SEARCH_PATHS = "\"${PROJECT_DIR}\"/**";
				INFOPLIST_FILE = Info.plist;
				IPHONEOS_DEPLOYMENT_TARGET = 5.0;
				PRODUCT_NAME = gEngine;
				PROVISIONING_PROFILE = "4EDC488A-9A3A-4B18-82B3-E868337B3DE8";
				TARGETED_DEVICE_FAMILY = 2;
			};
			name = Release;
		};
		C01FCF4F08A954540054247B /* Debug */ = {
			isa = XCBuildConfiguration;
			buildSettings = {
				ARCHS = (
					armv6,
					armv7,
				);
				"CODE_SIGN_IDENTITY[sdk=iphoneos*]" = "iPhone Developer";
				GCC_C_LANGUAGE_STANDARD = c99;
				GCC_WARN_ABOUT_RETURN_TYPE = YES;
				GCC_WARN_UNUSED_VARIABLE = YES;
				HEADER_SEARCH_PATHS = "\"${PROJECT_DIR}\"/**";
				IPHONEOS_DEPLOYMENT_TARGET = 3.2;
				ONLY_ACTIVE_ARCH = YES;
				SDKROOT = iphoneos;
				USER_HEADER_SEARCH_PATHS = "";
			};
			name = Debug;
		};
		C01FCF5008A954540054247B /* Release */ = {
			isa = XCBuildConfiguration;
			buildSettings = {
				ARCHS = (
					armv6,
					armv7,
				);
				"CODE_SIGN_IDENTITY[sdk=iphoneos*]" = "iPhone Developer";
				GCC_C_LANGUAGE_STANDARD = c99;
				GCC_WARN_ABOUT_RETURN_TYPE = YES;
				GCC_WARN_UNUSED_VARIABLE = YES;
				HEADER_SEARCH_PATHS = "\"${PROJECT_DIR}\"/**";
				IPHONEOS_DEPLOYMENT_TARGET = 3.2;
				SDKROOT = iphoneos;
				USER_HEADER_SEARCH_PATHS = "";
			};
			name = Release;
		};
/* End XCBuildConfiguration section */

/* Begin XCConfigurationList section */
		1D6058960D05DD3E006BFB54 /* Build configuration list for PBXNativeTarget "gEngine" */ = {
			isa = XCConfigurationList;
			buildConfigurations = (
				1D6058940D05DD3E006BFB54 /* Debug */,
				1D6058950D05DD3E006BFB54 /* Release */,
			);
			defaultConfigurationIsVisible = 0;
			defaultConfigurationName = Release;
		};
		C01FCF4E08A954540054247B /* Build configuration list for PBXProject "gEngine" */ = {
			isa = XCConfigurationList;
			buildConfigurations = (
				C01FCF4F08A954540054247B /* Debug */,
				C01FCF5008A954540054247B /* Release */,
			);
			defaultConfigurationIsVisible = 0;
			defaultConfigurationName = Release;
		};
/* End XCConfigurationList section */
	};
	rootObject = 29B97313FDCFA39411CA2CEA /* Project object */;
}
