// !$*UTF8*$!
{
	archiveVersion = 1;
	classes = {
	};
	objectVersion = 46;
	objects = {

/* Begin PBXBuildFile section */
		1D3623260D0F684500981E51 /* MainAppDelegate.mm in Sources */ = {isa = PBXBuildFile; fileRef = 1D3623250D0F684500981E51 /* MainAppDelegate.mm */; };
		1D60589F0D05DD5A006BFB54 /* Foundation.framework in Frameworks */ = {isa = PBXBuildFile; fileRef = 1D30AB110D05D00D00671497 /* Foundation.framework */; };
		1DF5F4E00D08C38300B7A737 /* UIKit.framework in Frameworks */ = {isa = PBXBuildFile; fileRef = 1DF5F4DF0D08C38300B7A737 /* UIKit.framework */; };
		288765FD0DF74451002DB57D /* CoreGraphics.framework in Frameworks */ = {isa = PBXBuildFile; fileRef = 288765FC0DF74451002DB57D /* CoreGraphics.framework */; };
		4D27E4840F9AD71900447247 /* OpenGLES.framework in Frameworks */ = {isa = PBXBuildFile; fileRef = 4D27E4830F9AD71900447247 /* OpenGLES.framework */; };
		4D27E4B50F9AD7D600447247 /* QuartzCore.framework in Frameworks */ = {isa = PBXBuildFile; fileRef = 4D27E4B40F9AD7D600447247 /* QuartzCore.framework */; };
		4D3135ED0F9A6649001FFC34 /* GLView.mm in Sources */ = {isa = PBXBuildFile; fileRef = 4D3135EC0F9A6649001FFC34 /* GLView.mm */; };
		4D8FB2C30F9EB4740055EDDB /* Icon.png in Resources */ = {isa = PBXBuildFile; fileRef = 4D8FB2C20F9EB4740055EDDB /* Icon.png */; };
		4D8FB3730F9EC1010055EDDB /* main.m in Sources */ = {isa = PBXBuildFile; fileRef = 4D8FB3720F9EC1010055EDDB /* main.m */; };
		930A6809147D00B800E52BE2 /* mesh_01.pvr in Resources */ = {isa = PBXBuildFile; fileRef = 930A6808147D00B800E52BE2 /* mesh_01.pvr */; };
		9320598F145E964E00DEBCCB /* CParser_GLSL.cpp in Sources */ = {isa = PBXBuildFile; fileRef = 9320598E145E964E00DEBCCB /* CParser_GLSL.cpp */; };
		93205996145EA7D900DEBCCB /* CParser_PVR.mm in Sources */ = {isa = PBXBuildFile; fileRef = 93205995145EA7D800DEBCCB /* CParser_PVR.mm */; };
		932059B2145EDB3500DEBCCB /* CSequence.cpp in Sources */ = {isa = PBXBuildFile; fileRef = 932059B1145EDB3200DEBCCB /* CSequence.cpp */; };
		93243D52147536AC00ED7443 /* CParser_M3.mm in Sources */ = {isa = PBXBuildFile; fileRef = 93243D51147536AC00ED7443 /* CParser_M3.mm */; };
		93243D5A147553B500ED7443 /* CModel.cpp in Sources */ = {isa = PBXBuildFile; fileRef = 93243D59147553B500ED7443 /* CModel.cpp */; };
		93243D5C1475682F00ED7443 /* mesh_01.m3 in Resources */ = {isa = PBXBuildFile; fileRef = 93243D5B1475682F00ED7443 /* mesh_01.m3 */; };
		937367C9144ECE150051ED8D /* CShader.cpp in Sources */ = {isa = PBXBuildFile; fileRef = 937367C8144ECE140051ED8D /* CShader.cpp */; };
		937367CC144EE2B40051ED8D /* CVertexBuffer.cpp in Sources */ = {isa = PBXBuildFile; fileRef = 937367CB144EE2B30051ED8D /* CVertexBuffer.cpp */; };
		9373680614559D540051ED8D /* CCamera.cpp in Sources */ = {isa = PBXBuildFile; fileRef = 9373680514559D4F0051ED8D /* CCamera.cpp */; };
		9385B045147E6EA20041FAE1 /* ShaderColorVertexDiffuse.frag in Sources */ = {isa = PBXBuildFile; fileRef = 9385B03B147E6EA00041FAE1 /* ShaderColorVertexDiffuse.frag */; };
		9385B046147E6EA20041FAE1 /* ShaderColorVertexDiffuse.vert in Sources */ = {isa = PBXBuildFile; fileRef = 9385B03C147E6EA00041FAE1 /* ShaderColorVertexDiffuse.vert */; };
		9385B047147E6EA20041FAE1 /* ShaderTexturePixelDiffuse.frag in Sources */ = {isa = PBXBuildFile; fileRef = 9385B03D147E6EA00041FAE1 /* ShaderTexturePixelDiffuse.frag */; };
		9385B048147E6EA20041FAE1 /* ShaderTexturePixelDiffuse.vert in Sources */ = {isa = PBXBuildFile; fileRef = 9385B03E147E6EA10041FAE1 /* ShaderTexturePixelDiffuse.vert */; };
		9385B049147E6EA20041FAE1 /* ShaderTexturePixelDiffuseSpecularColor.frag in Sources */ = {isa = PBXBuildFile; fileRef = 9385B03F147E6EA10041FAE1 /* ShaderTexturePixelDiffuseSpecularColor.frag */; };
		9385B04A147E6EA20041FAE1 /* ShaderTexturePixelDiffuseSpecularColor.vert in Sources */ = {isa = PBXBuildFile; fileRef = 9385B040147E6EA10041FAE1 /* ShaderTexturePixelDiffuseSpecularColor.vert */; };
		9385B04B147E6EA20041FAE1 /* ShaderTexturePixelDiffuseSpecularTexture.frag in Sources */ = {isa = PBXBuildFile; fileRef = 9385B041147E6EA10041FAE1 /* ShaderTexturePixelDiffuseSpecularTexture.frag */; };
		9385B04C147E6EA20041FAE1 /* ShaderTexturePixelDiffuseSpecularTexture.vert in Sources */ = {isa = PBXBuildFile; fileRef = 9385B042147E6EA10041FAE1 /* ShaderTexturePixelDiffuseSpecularTexture.vert */; };
		9385B04D147E6EA20041FAE1 /* ShaderTextureVertexDiffuse.frag in Sources */ = {isa = PBXBuildFile; fileRef = 9385B043147E6EA10041FAE1 /* ShaderTextureVertexDiffuse.frag */; };
		9385B04E147E6EA20041FAE1 /* ShaderTextureVertexDiffuse.vert in Sources */ = {isa = PBXBuildFile; fileRef = 9385B044147E6EA20041FAE1 /* ShaderTextureVertexDiffuse.vert */; };
		93908F9C14CC3F7D000A2AF1 /* MainCustomViewController.mm in Sources */ = {isa = PBXBuildFile; fileRef = 93908F9B14CC3F7D000A2AF1 /* MainCustomViewController.mm */; };
		93908FA314CC4F58000A2AF1 /* mesh_02.m3 in Resources */ = {isa = PBXBuildFile; fileRef = 93908FA214CC4F58000A2AF1 /* mesh_02.m3 */; };
		93908FA514CC4F65000A2AF1 /* mesh_02.pvr in Resources */ = {isa = PBXBuildFile; fileRef = 93908FA414CC4F65000A2AF1 /* mesh_02.pvr */; };
		93908FA714CC619E000A2AF1 /* mesh_03.pvr in Resources */ = {isa = PBXBuildFile; fileRef = 93908FA614CC619E000A2AF1 /* mesh_03.pvr */; };
		93908FA914CC61B9000A2AF1 /* mesh_03.m3 in Resources */ = {isa = PBXBuildFile; fileRef = 93908FA814CC61B9000A2AF1 /* mesh_03.m3 */; };
		93CFC05E145EF15300720766 /* CInput.cpp in Sources */ = {isa = PBXBuildFile; fileRef = 93CFC05D145EF15300720766 /* CInput.cpp */; };
		93CFC0931463E61800720766 /* IParser.cpp in Sources */ = {isa = PBXBuildFile; fileRef = 93CFC0921463E61800720766 /* IParser.cpp */; };
		93CFC0961463EC0D00720766 /* IResource.cpp in Sources */ = {isa = PBXBuildFile; fileRef = 93CFC0951463EC0700720766 /* IResource.cpp */; };
		93CFC0991463FA2C00720766 /* IResourceMgr.cpp in Sources */ = {isa = PBXBuildFile; fileRef = 93CFC0981463FA2800720766 /* IResourceMgr.cpp */; };
		93CFC0B0146809E400720766 /* ShaderColor.frag in Sources */ = {isa = PBXBuildFile; fileRef = 93CFC0AE146809E400720766 /* ShaderColor.frag */; };
		93CFC0B1146809E400720766 /* ShaderColor.vert in Sources */ = {isa = PBXBuildFile; fileRef = 93CFC0AF146809E400720766 /* ShaderColor.vert */; };
		CE8DFA9314587B0C00AE7288 /* CGame.cpp in Sources */ = {isa = PBXBuildFile; fileRef = CE8DFA9214587B0C00AE7288 /* CGame.cpp */; };
		CE914ED41455DA3200AA2000 /* CShaderComposite.cpp in Sources */ = {isa = PBXBuildFile; fileRef = CE914ED31455DA3200AA2000 /* CShaderComposite.cpp */; };
		CE914ED71455DA5700AA2000 /* CTextureMgr.cpp in Sources */ = {isa = PBXBuildFile; fileRef = CE914ED61455DA5700AA2000 /* CTextureMgr.cpp */; };
		CE914EDA1455DA7800AA2000 /* CResourceMgr.cpp in Sources */ = {isa = PBXBuildFile; fileRef = CE914ED91455DA7800AA2000 /* CResourceMgr.cpp */; };
		CE919218145736FD0021A0DC /* CTexture.cpp in Sources */ = {isa = PBXBuildFile; fileRef = CE919217145736FD0021A0DC /* CTexture.cpp */; };
/* End PBXBuildFile section */

/* Begin PBXFileReference section */
		1D30AB110D05D00D00671497 /* Foundation.framework */ = {isa = PBXFileReference; lastKnownFileType = wrapper.framework; name = Foundation.framework; path = System/Library/Frameworks/Foundation.framework; sourceTree = SDKROOT; };
		1D3623240D0F684500981E51 /* MainAppDelegate.h */ = {isa = PBXFileReference; fileEncoding = 4; lastKnownFileType = sourcecode.c.h; path = MainAppDelegate.h; sourceTree = "<group>"; };
		1D3623250D0F684500981E51 /* MainAppDelegate.mm */ = {isa = PBXFileReference; fileEncoding = 4; lastKnownFileType = sourcecode.cpp.objcpp; path = MainAppDelegate.mm; sourceTree = "<group>"; };
		1D6058910D05DD3D006BFB54 /* gEngine.app */ = {isa = PBXFileReference; explicitFileType = wrapper.application; includeInIndex = 0; path = gEngine.app; sourceTree = BUILT_PRODUCTS_DIR; };
		1DF5F4DF0D08C38300B7A737 /* UIKit.framework */ = {isa = PBXFileReference; lastKnownFileType = wrapper.framework; name = UIKit.framework; path = System/Library/Frameworks/UIKit.framework; sourceTree = SDKROOT; };
		288765FC0DF74451002DB57D /* CoreGraphics.framework */ = {isa = PBXFileReference; lastKnownFileType = wrapper.framework; name = CoreGraphics.framework; path = System/Library/Frameworks/CoreGraphics.framework; sourceTree = SDKROOT; };
		32CA4F630368D1EE00C91783 /* gEngine_Prefix.pch */ = {isa = PBXFileReference; fileEncoding = 4; lastKnownFileType = sourcecode.c.h; path = gEngine_Prefix.pch; sourceTree = "<group>"; };
		4D27E4830F9AD71900447247 /* OpenGLES.framework */ = {isa = PBXFileReference; explicitFileType = wrapper.framework; name = OpenGLES.framework; path = System/Library/Frameworks/OpenGLES.framework; sourceTree = SDKROOT; };
		4D27E4B40F9AD7D600447247 /* QuartzCore.framework */ = {isa = PBXFileReference; lastKnownFileType = wrapper.framework; name = QuartzCore.framework; path = System/Library/Frameworks/QuartzCore.framework; sourceTree = SDKROOT; };
		4D3135EB0F9A6649001FFC34 /* GLView.h */ = {isa = PBXFileReference; fileEncoding = 4; lastKnownFileType = sourcecode.c.h; path = GLView.h; sourceTree = "<group>"; };
		4D3135EC0F9A6649001FFC34 /* GLView.mm */ = {isa = PBXFileReference; fileEncoding = 4; lastKnownFileType = sourcecode.cpp.objcpp; path = GLView.mm; sourceTree = "<group>"; };
		4D508D32102600410065571B /* ShaderTexture.frag */ = {isa = PBXFileReference; fileEncoding = 4; lastKnownFileType = sourcecode.glsl; name = ShaderTexture.frag; path = Shaders/ShaderTexture.frag; sourceTree = "<group>"; };
		4D508D33102600410065571B /* ShaderTexture.vert */ = {isa = PBXFileReference; fileEncoding = 4; lastKnownFileType = sourcecode.glsl; name = ShaderTexture.vert; path = Shaders/ShaderTexture.vert; sourceTree = "<group>"; };
		4D8FB2C20F9EB4740055EDDB /* Icon.png */ = {isa = PBXFileReference; lastKnownFileType = image.png; path = Icon.png; sourceTree = "<group>"; };
		4D8FB3720F9EC1010055EDDB /* main.m */ = {isa = PBXFileReference; fileEncoding = 4; lastKnownFileType = sourcecode.c.objc; path = main.m; sourceTree = "<group>"; };
		8D1107310486CEB800E47090 /* Info.plist */ = {isa = PBXFileReference; fileEncoding = 4; lastKnownFileType = text.plist.xml; path = Info.plist; sourceTree = "<group>"; };
		930A6808147D00B800E52BE2 /* mesh_01.pvr */ = {isa = PBXFileReference; lastKnownFileType = file; name = mesh_01.pvr; path = Resources/Textures/mesh_01.pvr; sourceTree = "<group>"; };
		931217EB146D110F00DDC82D /* IResourceMgr.h */ = {isa = PBXFileReference; fileEncoding = 4; lastKnownFileType = sourcecode.c.h; path = IResourceMgr.h; sourceTree = "<group>"; };
		9320598D145E964100DEBCCB /* CParser_GLSL.h */ = {isa = PBXFileReference; fileEncoding = 4; lastKnownFileType = sourcecode.c.h; path = CParser_GLSL.h; sourceTree = "<group>"; };
		9320598E145E964E00DEBCCB /* CParser_GLSL.cpp */ = {isa = PBXFileReference; fileEncoding = 4; lastKnownFileType = sourcecode.cpp.cpp; path = CParser_GLSL.cpp; sourceTree = "<group>"; };
		93205994145EA7CC00DEBCCB /* CParser_PVR.h */ = {isa = PBXFileReference; fileEncoding = 4; lastKnownFileType = sourcecode.c.h; path = CParser_PVR.h; sourceTree = "<group>"; };
		93205995145EA7D800DEBCCB /* CParser_PVR.mm */ = {isa = PBXFileReference; fileEncoding = 4; lastKnownFileType = sourcecode.cpp.objcpp; path = CParser_PVR.mm; sourceTree = "<group>"; };
		932059B0145EDB2100DEBCCB /* CSequence.h */ = {isa = PBXFileReference; fileEncoding = 4; lastKnownFileType = sourcecode.c.h; path = CSequence.h; sourceTree = "<group>"; };
		932059B1145EDB3200DEBCCB /* CSequence.cpp */ = {isa = PBXFileReference; fileEncoding = 4; lastKnownFileType = sourcecode.cpp.cpp; path = CSequence.cpp; sourceTree = "<group>"; };
		93243D501475369E00ED7443 /* CParser_M3.h */ = {isa = PBXFileReference; fileEncoding = 4; lastKnownFileType = sourcecode.c.h; path = CParser_M3.h; sourceTree = "<group>"; };
		93243D51147536AC00ED7443 /* CParser_M3.mm */ = {isa = PBXFileReference; fileEncoding = 4; lastKnownFileType = sourcecode.cpp.objcpp; path = CParser_M3.mm; sourceTree = "<group>"; };
		93243D57147553AB00ED7443 /* CModel.h */ = {isa = PBXFileReference; fileEncoding = 4; lastKnownFileType = sourcecode.c.h; path = CModel.h; sourceTree = "<group>"; };
		93243D59147553B500ED7443 /* CModel.cpp */ = {isa = PBXFileReference; fileEncoding = 4; lastKnownFileType = sourcecode.cpp.cpp; path = CModel.cpp; sourceTree = "<group>"; };
		93243D5B1475682F00ED7443 /* mesh_01.m3 */ = {isa = PBXFileReference; lastKnownFileType = file; name = mesh_01.m3; path = Resources/Data/mesh_01.m3; sourceTree = "<group>"; };
		937367C7144ECE030051ED8D /* CShader.h */ = {isa = PBXFileReference; fileEncoding = 4; lastKnownFileType = sourcecode.c.h; path = CShader.h; sourceTree = "<group>"; };
		937367C8144ECE140051ED8D /* CShader.cpp */ = {isa = PBXFileReference; fileEncoding = 4; lastKnownFileType = sourcecode.cpp.cpp; path = CShader.cpp; sourceTree = "<group>"; };
		937367CA144EE2A70051ED8D /* CVertexBuffer.h */ = {isa = PBXFileReference; fileEncoding = 4; lastKnownFileType = sourcecode.c.h; path = CVertexBuffer.h; sourceTree = "<group>"; };
		937367CB144EE2B30051ED8D /* CVertexBuffer.cpp */ = {isa = PBXFileReference; fileEncoding = 4; lastKnownFileType = sourcecode.cpp.cpp; path = CVertexBuffer.cpp; sourceTree = "<group>"; };
		937367CE144EE3D50051ED8D /* CVector.h */ = {isa = PBXFileReference; fileEncoding = 4; lastKnownFileType = sourcecode.c.h; path = CVector.h; sourceTree = "<group>"; };
		937367D1144EE3EB0051ED8D /* CMatrix.h */ = {isa = PBXFileReference; fileEncoding = 4; lastKnownFileType = sourcecode.c.h; path = CMatrix.h; sourceTree = "<group>"; };
		9373680414559D3D0051ED8D /* CCamera.h */ = {isa = PBXFileReference; fileEncoding = 4; lastKnownFileType = sourcecode.c.h; path = CCamera.h; sourceTree = "<group>"; };
		9373680514559D4F0051ED8D /* CCamera.cpp */ = {isa = PBXFileReference; fileEncoding = 4; lastKnownFileType = sourcecode.cpp.cpp; path = CCamera.cpp; sourceTree = "<group>"; };
		9385B03B147E6EA00041FAE1 /* ShaderColorVertexDiffuse.frag */ = {isa = PBXFileReference; fileEncoding = 4; lastKnownFileType = sourcecode.glsl; name = ShaderColorVertexDiffuse.frag; path = Shaders/ShaderColorVertexDiffuse.frag; sourceTree = "<group>"; };
		9385B03C147E6EA00041FAE1 /* ShaderColorVertexDiffuse.vert */ = {isa = PBXFileReference; fileEncoding = 4; lastKnownFileType = sourcecode.glsl; name = ShaderColorVertexDiffuse.vert; path = Shaders/ShaderColorVertexDiffuse.vert; sourceTree = "<group>"; };
		9385B03D147E6EA00041FAE1 /* ShaderTexturePixelDiffuse.frag */ = {isa = PBXFileReference; fileEncoding = 4; lastKnownFileType = sourcecode.glsl; name = ShaderTexturePixelDiffuse.frag; path = Shaders/ShaderTexturePixelDiffuse.frag; sourceTree = "<group>"; };
		9385B03E147E6EA10041FAE1 /* ShaderTexturePixelDiffuse.vert */ = {isa = PBXFileReference; fileEncoding = 4; lastKnownFileType = sourcecode.glsl; name = ShaderTexturePixelDiffuse.vert; path = Shaders/ShaderTexturePixelDiffuse.vert; sourceTree = "<group>"; };
		9385B03F147E6EA10041FAE1 /* ShaderTexturePixelDiffuseSpecularColor.frag */ = {isa = PBXFileReference; fileEncoding = 4; lastKnownFileType = sourcecode.glsl; name = ShaderTexturePixelDiffuseSpecularColor.frag; path = Shaders/ShaderTexturePixelDiffuseSpecularColor.frag; sourceTree = "<group>"; };
		9385B040147E6EA10041FAE1 /* ShaderTexturePixelDiffuseSpecularColor.vert */ = {isa = PBXFileReference; fileEncoding = 4; lastKnownFileType = sourcecode.glsl; name = ShaderTexturePixelDiffuseSpecularColor.vert; path = Shaders/ShaderTexturePixelDiffuseSpecularColor.vert; sourceTree = "<group>"; };
		9385B041147E6EA10041FAE1 /* ShaderTexturePixelDiffuseSpecularTexture.frag */ = {isa = PBXFileReference; fileEncoding = 4; lastKnownFileType = sourcecode.glsl; name = ShaderTexturePixelDiffuseSpecularTexture.frag; path = Shaders/ShaderTexturePixelDiffuseSpecularTexture.frag; sourceTree = "<group>"; };
		9385B042147E6EA10041FAE1 /* ShaderTexturePixelDiffuseSpecularTexture.vert */ = {isa = PBXFileReference; fileEncoding = 4; lastKnownFileType = sourcecode.glsl; name = ShaderTexturePixelDiffuseSpecularTexture.vert; path = Shaders/ShaderTexturePixelDiffuseSpecularTexture.vert; sourceTree = "<group>"; };
		9385B043147E6EA10041FAE1 /* ShaderTextureVertexDiffuse.frag */ = {isa = PBXFileReference; fileEncoding = 4; lastKnownFileType = sourcecode.glsl; name = ShaderTextureVertexDiffuse.frag; path = Shaders/ShaderTextureVertexDiffuse.frag; sourceTree = "<group>"; };
		9385B044147E6EA20041FAE1 /* ShaderTextureVertexDiffuse.vert */ = {isa = PBXFileReference; fileEncoding = 4; lastKnownFileType = sourcecode.glsl; name = ShaderTextureVertexDiffuse.vert; path = Shaders/ShaderTextureVertexDiffuse.vert; sourceTree = "<group>"; };
		93908F9B14CC3F7D000A2AF1 /* MainCustomViewController.mm */ = {isa = PBXFileReference; fileEncoding = 4; lastKnownFileType = sourcecode.cpp.objcpp; path = MainCustomViewController.mm; sourceTree = "<group>"; };
		93908FA114CC43D2000A2AF1 /* MainCustomViewController.h */ = {isa = PBXFileReference; fileEncoding = 4; lastKnownFileType = sourcecode.c.h; path = MainCustomViewController.h; sourceTree = "<group>"; };
		93908FA214CC4F58000A2AF1 /* mesh_02.m3 */ = {isa = PBXFileReference; lastKnownFileType = file; name = mesh_02.m3; path = Resources/Data/mesh_02.m3; sourceTree = "<group>"; };
		93908FA414CC4F65000A2AF1 /* mesh_02.pvr */ = {isa = PBXFileReference; lastKnownFileType = file; name = mesh_02.pvr; path = Resources/Textures/mesh_02.pvr; sourceTree = "<group>"; };
		93908FA614CC619E000A2AF1 /* mesh_03.pvr */ = {isa = PBXFileReference; lastKnownFileType = file; name = mesh_03.pvr; path = Resources/Textures/mesh_03.pvr; sourceTree = "<group>"; };
		93908FA814CC61B9000A2AF1 /* mesh_03.m3 */ = {isa = PBXFileReference; lastKnownFileType = file; name = mesh_03.m3; path = Resources/Data/mesh_03.m3; sourceTree = "<group>"; };
		93CFC05C145EF14800720766 /* CInput.h */ = {isa = PBXFileReference; fileEncoding = 4; lastKnownFileType = sourcecode.c.h; path = CInput.h; sourceTree = "<group>"; };
		93CFC05D145EF15300720766 /* CInput.cpp */ = {isa = PBXFileReference; fileEncoding = 4; lastKnownFileType = sourcecode.cpp.cpp; path = CInput.cpp; sourceTree = "<group>"; };
		93CFC0901463E60C00720766 /* IParser.h */ = {isa = PBXFileReference; fileEncoding = 4; lastKnownFileType = sourcecode.c.h; path = IParser.h; sourceTree = "<group>"; };
		93CFC0921463E61800720766 /* IParser.cpp */ = {isa = PBXFileReference; fileEncoding = 4; lastKnownFileType = sourcecode.cpp.cpp; path = IParser.cpp; sourceTree = "<group>"; };
		93CFC0941463EBF500720766 /* IResource.h */ = {isa = PBXFileReference; fileEncoding = 4; lastKnownFileType = sourcecode.c.h; path = IResource.h; sourceTree = "<group>"; };
		93CFC0951463EC0700720766 /* IResource.cpp */ = {isa = PBXFileReference; fileEncoding = 4; lastKnownFileType = sourcecode.cpp.cpp; path = IResource.cpp; sourceTree = "<group>"; };
		93CFC0981463FA2800720766 /* IResourceMgr.cpp */ = {isa = PBXFileReference; fileEncoding = 4; lastKnownFileType = sourcecode.cpp.cpp; path = IResourceMgr.cpp; sourceTree = "<group>"; };
		93CFC0AE146809E400720766 /* ShaderColor.frag */ = {isa = PBXFileReference; fileEncoding = 4; lastKnownFileType = sourcecode.glsl; name = ShaderColor.frag; path = Shaders/ShaderColor.frag; sourceTree = "<group>"; };
		93CFC0AF146809E400720766 /* ShaderColor.vert */ = {isa = PBXFileReference; fileEncoding = 4; lastKnownFileType = sourcecode.glsl; name = ShaderColor.vert; path = Shaders/ShaderColor.vert; sourceTree = "<group>"; };
		CE8DFA9114587AFD00AE7288 /* CGame.h */ = {isa = PBXFileReference; fileEncoding = 4; lastKnownFileType = sourcecode.c.h; path = CGame.h; sourceTree = "<group>"; };
		CE8DFA9214587B0C00AE7288 /* CGame.cpp */ = {isa = PBXFileReference; fileEncoding = 4; lastKnownFileType = sourcecode.cpp.cpp; path = CGame.cpp; sourceTree = "<group>"; };
		CE914ED11455D7E900AA2000 /* CShaderComposite.h */ = {isa = PBXFileReference; fileEncoding = 4; lastKnownFileType = sourcecode.c.h; path = CShaderComposite.h; sourceTree = "<group>"; };
		CE914ED31455DA3200AA2000 /* CShaderComposite.cpp */ = {isa = PBXFileReference; fileEncoding = 4; lastKnownFileType = sourcecode.cpp.cpp; path = CShaderComposite.cpp; sourceTree = "<group>"; };
		CE914ED51455DA4400AA2000 /* CTextureMgr.h */ = {isa = PBXFileReference; fileEncoding = 4; lastKnownFileType = sourcecode.c.h; path = CTextureMgr.h; sourceTree = "<group>"; };
		CE914ED61455DA5700AA2000 /* CTextureMgr.cpp */ = {isa = PBXFileReference; fileEncoding = 4; lastKnownFileType = sourcecode.cpp.cpp; path = CTextureMgr.cpp; sourceTree = "<group>"; };
		CE914ED81455DA6800AA2000 /* CResourceMgr.h */ = {isa = PBXFileReference; fileEncoding = 4; lastKnownFileType = sourcecode.c.h; path = CResourceMgr.h; sourceTree = "<group>"; };
		CE914ED91455DA7800AA2000 /* CResourceMgr.cpp */ = {isa = PBXFileReference; fileEncoding = 4; lastKnownFileType = sourcecode.cpp.cpp; path = CResourceMgr.cpp; sourceTree = "<group>"; };
		CE919214145735E20021A0DC /* PVRTGlobal.h */ = {isa = PBXFileReference; fileEncoding = 4; lastKnownFileType = sourcecode.c.h; name = PVRTGlobal.h; path = Library/PowerVR/PVRTGlobal.h; sourceTree = "<group>"; };
		CE919215145735E20021A0DC /* PVRTTexture.h */ = {isa = PBXFileReference; fileEncoding = 4; lastKnownFileType = sourcecode.c.h; name = PVRTTexture.h; path = Library/PowerVR/PVRTTexture.h; sourceTree = "<group>"; };
		CE919216145736D70021A0DC /* CTexture.h */ = {isa = PBXFileReference; fileEncoding = 4; lastKnownFileType = sourcecode.c.h; path = CTexture.h; sourceTree = "<group>"; };
		CE919217145736FD0021A0DC /* CTexture.cpp */ = {isa = PBXFileReference; fileEncoding = 4; lastKnownFileType = sourcecode.cpp.cpp; path = CTexture.cpp; sourceTree = "<group>"; };
/* End PBXFileReference section */

/* Begin PBXFrameworksBuildPhase section */
		1D60588F0D05DD3D006BFB54 /* Frameworks */ = {
			isa = PBXFrameworksBuildPhase;
			buildActionMask = 2147483647;
			files = (
				1D60589F0D05DD5A006BFB54 /* Foundation.framework in Frameworks */,
				1DF5F4E00D08C38300B7A737 /* UIKit.framework in Frameworks */,
				288765FD0DF74451002DB57D /* CoreGraphics.framework in Frameworks */,
				4D27E4840F9AD71900447247 /* OpenGLES.framework in Frameworks */,
				4D27E4B50F9AD7D600447247 /* QuartzCore.framework in Frameworks */,
			);
			runOnlyForDeploymentPostprocessing = 0;
		};
/* End PBXFrameworksBuildPhase section */

/* Begin PBXGroup section */
		080E96DDFE201D6D7F000001 /* Classes */ = {
			isa = PBXGroup;
			children = (
				CE8DFA9014587A9400AE7288 /* iPhone */,
				CE8DFA8E14587A8200AE7288 /* Game */,
				937367CD144EE3830051ED8D /* Math */,
				937367C5144ECDC20051ED8D /* Core */,
			);
			path = Classes;
			sourceTree = "<group>";
		};
		19C28FACFE9D520D11CA2CBB /* Products */ = {
			isa = PBXGroup;
			children = (
				1D6058910D05DD3D006BFB54 /* gEngine.app */,
			);
			name = Products;
			sourceTree = "<group>";
		};
		29B97314FDCFA39411CA2CEA /* CustomTemplate */ = {
			isa = PBXGroup;
			children = (
				CE91920D145735A10021A0DC /* Library */,
				4A89D5250FEF3FC100F039C8 /* Shaders */,
				080E96DDFE201D6D7F000001 /* Classes */,
				29B97315FDCFA39411CA2CEA /* Other Sources */,
				29B97317FDCFA39411CA2CEA /* Resources */,
				29B97323FDCFA39411CA2CEA /* Frameworks */,
				19C28FACFE9D520D11CA2CBB /* Products */,
			);
			name = CustomTemplate;
			sourceTree = "<group>";
		};
		29B97315FDCFA39411CA2CEA /* Other Sources */ = {
			isa = PBXGroup;
			children = (
				4D8FB3720F9EC1010055EDDB /* main.m */,
				32CA4F630368D1EE00C91783 /* gEngine_Prefix.pch */,
			);
			name = "Other Sources";
			sourceTree = "<group>";
		};
		29B97317FDCFA39411CA2CEA /* Resources */ = {
			isa = PBXGroup;
			children = (
				93CFC0C714683E9800720766 /* Models */,
				CE91921914573F630021A0DC /* Textures */,
				4D8FB2C20F9EB4740055EDDB /* Icon.png */,
				8D1107310486CEB800E47090 /* Info.plist */,
			);
			name = Resources;
			sourceTree = "<group>";
		};
		29B97323FDCFA39411CA2CEA /* Frameworks */ = {
			isa = PBXGroup;
			children = (
				4D27E4B40F9AD7D600447247 /* QuartzCore.framework */,
				4D27E4830F9AD71900447247 /* OpenGLES.framework */,
				1DF5F4DF0D08C38300B7A737 /* UIKit.framework */,
				1D30AB110D05D00D00671497 /* Foundation.framework */,
				288765FC0DF74451002DB57D /* CoreGraphics.framework */,
			);
			name = Frameworks;
			sourceTree = "<group>";
		};
		4A89D5250FEF3FC100F039C8 /* Shaders */ = {
			isa = PBXGroup;
			children = (
				9385B03B147E6EA00041FAE1 /* ShaderColorVertexDiffuse.frag */,
				9385B03C147E6EA00041FAE1 /* ShaderColorVertexDiffuse.vert */,
				9385B03D147E6EA00041FAE1 /* ShaderTexturePixelDiffuse.frag */,
				9385B03E147E6EA10041FAE1 /* ShaderTexturePixelDiffuse.vert */,
				9385B03F147E6EA10041FAE1 /* ShaderTexturePixelDiffuseSpecularColor.frag */,
				9385B040147E6EA10041FAE1 /* ShaderTexturePixelDiffuseSpecularColor.vert */,
				9385B041147E6EA10041FAE1 /* ShaderTexturePixelDiffuseSpecularTexture.frag */,
				9385B042147E6EA10041FAE1 /* ShaderTexturePixelDiffuseSpecularTexture.vert */,
				9385B043147E6EA10041FAE1 /* ShaderTextureVertexDiffuse.frag */,
				9385B044147E6EA20041FAE1 /* ShaderTextureVertexDiffuse.vert */,
				93CFC0AE146809E400720766 /* ShaderColor.frag */,
				93CFC0AF146809E400720766 /* ShaderColor.vert */,
				4D508D32102600410065571B /* ShaderTexture.frag */,
				4D508D33102600410065571B /* ShaderTexture.vert */,
			);
			name = Shaders;
			sourceTree = "<group>";
		};
		931217E4146D0DA500DDC82D /* ResourceMgr */ = {
			isa = PBXGroup;
			children = (
				9315D5A7147BBC4500F42FE7 /* Resources */,
				93205988145E8C6D00DEBCCB /* Loaders */,
				931217EB146D110F00DDC82D /* IResourceMgr.h */,
				93CFC0981463FA2800720766 /* IResourceMgr.cpp */,
				CE914ED51455DA4400AA2000 /* CTextureMgr.h */,
				CE914ED61455DA5700AA2000 /* CTextureMgr.cpp */,
				CE914ED91455DA7800AA2000 /* CResourceMgr.cpp */,
				CE914ED81455DA6800AA2000 /* CResourceMgr.h */,
				CE914ED11455D7E900AA2000 /* CShaderComposite.h */,
				CE914ED31455DA3200AA2000 /* CShaderComposite.cpp */,
			);
			name = ResourceMgr;
			sourceTree = "<group>";
		};
		9315D5A7147BBC4500F42FE7 /* Resources */ = {
			isa = PBXGroup;
			children = (
				937367C8144ECE140051ED8D /* CShader.cpp */,
				937367C7144ECE030051ED8D /* CShader.h */,
				932059B1145EDB3200DEBCCB /* CSequence.cpp */,
				932059B0145EDB2100DEBCCB /* CSequence.h */,
				93CFC0941463EBF500720766 /* IResource.h */,
				93CFC0951463EC0700720766 /* IResource.cpp */,
				CE919216145736D70021A0DC /* CTexture.h */,
				CE919217145736FD0021A0DC /* CTexture.cpp */,
			);
			name = Resources;
			sourceTree = "<group>";
		};
		93205988145E8C6D00DEBCCB /* Loaders */ = {
			isa = PBXGroup;
			children = (
				9320598E145E964E00DEBCCB /* CParser_GLSL.cpp */,
				9320598D145E964100DEBCCB /* CParser_GLSL.h */,
				93205995145EA7D800DEBCCB /* CParser_PVR.mm */,
				93205994145EA7CC00DEBCCB /* CParser_PVR.h */,
				93243D51147536AC00ED7443 /* CParser_M3.mm */,
				93243D501475369E00ED7443 /* CParser_M3.h */,
				93CFC0901463E60C00720766 /* IParser.h */,
				93CFC0921463E61800720766 /* IParser.cpp */,
			);
			name = Loaders;
			sourceTree = "<group>";
		};
		937367C5144ECDC20051ED8D /* Core */ = {
			isa = PBXGroup;
			children = (
				9373680414559D3D0051ED8D /* CCamera.h */,
				9373680514559D4F0051ED8D /* CCamera.cpp */,
				937367CA144EE2A70051ED8D /* CVertexBuffer.h */,
				937367CB144EE2B30051ED8D /* CVertexBuffer.cpp */,
				931217E4146D0DA500DDC82D /* ResourceMgr */,
				93CFC05C145EF14800720766 /* CInput.h */,
				93CFC05D145EF15300720766 /* CInput.cpp */,
			);
			name = Core;
			sourceTree = "<group>";
		};
		937367CD144EE3830051ED8D /* Math */ = {
			isa = PBXGroup;
			children = (
				937367CE144EE3D50051ED8D /* CVector.h */,
				937367D1144EE3EB0051ED8D /* CMatrix.h */,
			);
			name = Math;
			sourceTree = "<group>";
		};
		93CFC0C714683E9800720766 /* Models */ = {
			isa = PBXGroup;
			children = (
				93908FA814CC61B9000A2AF1 /* mesh_03.m3 */,
				93908FA214CC4F58000A2AF1 /* mesh_02.m3 */,
				93243D5B1475682F00ED7443 /* mesh_01.m3 */,
			);
			name = Models;
			sourceTree = "<group>";
		};
		CE8DFA8E14587A8200AE7288 /* Game */ = {
			isa = PBXGroup;
			children = (
				CE8DFA9114587AFD00AE7288 /* CGame.h */,
				CE8DFA9214587B0C00AE7288 /* CGame.cpp */,
				93243D57147553AB00ED7443 /* CModel.h */,
				93243D59147553B500ED7443 /* CModel.cpp */,
			);
			name = Game;
			sourceTree = "<group>";
		};
		CE8DFA9014587A9400AE7288 /* iPhone */ = {
			isa = PBXGroup;
			children = (
				4D3135EB0F9A6649001FFC34 /* GLView.h */,
				4D3135EC0F9A6649001FFC34 /* GLView.mm */,
				1D3623240D0F684500981E51 /* MainAppDelegate.h */,
				1D3623250D0F684500981E51 /* MainAppDelegate.mm */,
				93908FA114CC43D2000A2AF1 /* MainCustomViewController.h */,
				93908F9B14CC3F7D000A2AF1 /* MainCustomViewController.mm */,
			);
			name = iPhone;
			sourceTree = "<group>";
		};
		CE91920D145735A10021A0DC /* Library */ = {
			isa = PBXGroup;
			children = (
				CE91920F145735AF0021A0DC /* PowerVR */,
			);
			name = Library;
			sourceTree = "<group>";
		};
		CE91920F145735AF0021A0DC /* PowerVR */ = {
			isa = PBXGroup;
			children = (
				CE919214145735E20021A0DC /* PVRTGlobal.h */,
				CE919215145735E20021A0DC /* PVRTTexture.h */,
			);
			name = PowerVR;
			sourceTree = "<group>";
		};
		CE91921914573F630021A0DC /* Textures */ = {
			isa = PBXGroup;
			children = (
				93908FA614CC619E000A2AF1 /* mesh_03.pvr */,
				93908FA414CC4F65000A2AF1 /* mesh_02.pvr */,
				930A6808147D00B800E52BE2 /* mesh_01.pvr */,
			);
			name = Textures;
			sourceTree = "<group>";
		};
/* End PBXGroup section */

/* Begin PBXNativeTarget section */
		1D6058900D05DD3D006BFB54 /* gEngine */ = {
			isa = PBXNativeTarget;
			buildConfigurationList = 1D6058960D05DD3E006BFB54 /* Build configuration list for PBXNativeTarget "gEngine" */;
			buildPhases = (
				1D60588D0D05DD3D006BFB54 /* Resources */,
				1D60588E0D05DD3D006BFB54 /* Sources */,
				1D60588F0D05DD3D006BFB54 /* Frameworks */,
			);
			buildRules = (
			);
			dependencies = (
			);
			name = gEngine;
			productName = HelloArrow;
			productReference = 1D6058910D05DD3D006BFB54 /* gEngine.app */;
			productType = "com.apple.product-type.application";
		};
/* End PBXNativeTarget section */

/* Begin PBXProject section */
		29B97313FDCFA39411CA2CEA /* Project object */ = {
			isa = PBXProject;
			attributes = {
				LastUpgradeCheck = 0420;
			};
			buildConfigurationList = C01FCF4E08A954540054247B /* Build configuration list for PBXProject "gEngine" */;
			compatibilityVersion = "Xcode 3.2";
			developmentRegion = English;
			hasScannedForEncodings = 1;
			knownRegions = (
				English,
				Japanese,
				French,
				German,
			);
			mainGroup = 29B97314FDCFA39411CA2CEA /* CustomTemplate */;
			projectDirPath = "";
			projectRoot = "";
			targets = (
				1D6058900D05DD3D006BFB54 /* gEngine */,
			);
		};
/* End PBXProject section */

/* Begin PBXResourcesBuildPhase section */
		1D60588D0D05DD3D006BFB54 /* Resources */ = {
			isa = PBXResourcesBuildPhase;
			buildActionMask = 2147483647;
			files = (
				4D8FB2C30F9EB4740055EDDB /* Icon.png in Resources */,
				93243D5C1475682F00ED7443 /* mesh_01.m3 in Resources */,
				930A6809147D00B800E52BE2 /* mesh_01.pvr in Resources */,
				93908FA314CC4F58000A2AF1 /* mesh_02.m3 in Resources */,
				93908FA514CC4F65000A2AF1 /* mesh_02.pvr in Resources */,
				93908FA714CC619E000A2AF1 /* mesh_03.pvr in Resources */,
				93908FA914CC61B9000A2AF1 /* mesh_03.m3 in Resources */,
			);
			runOnlyForDeploymentPostprocessing = 0;
		};
/* End PBXResourcesBuildPhase section */

/* Begin PBXSourcesBuildPhase section */
		1D60588E0D05DD3D006BFB54 /* Sources */ = {
			isa = PBXSourcesBuildPhase;
			buildActionMask = 2147483647;
			files = (
				1D3623260D0F684500981E51 /* MainAppDelegate.mm in Sources */,
				4D3135ED0F9A6649001FFC34 /* GLView.mm in Sources */,
				4D8FB3730F9EC1010055EDDB /* main.m in Sources */,
				937367C9144ECE150051ED8D /* CShader.cpp in Sources */,
				937367CC144EE2B40051ED8D /* CVertexBuffer.cpp in Sources */,
				9373680614559D540051ED8D /* CCamera.cpp in Sources */,
				CE914ED41455DA3200AA2000 /* CShaderComposite.cpp in Sources */,
				CE914ED71455DA5700AA2000 /* CTextureMgr.cpp in Sources */,
				CE914EDA1455DA7800AA2000 /* CResourceMgr.cpp in Sources */,
				CE919218145736FD0021A0DC /* CTexture.cpp in Sources */,
				CE8DFA9314587B0C00AE7288 /* CGame.cpp in Sources */,
				9320598F145E964E00DEBCCB /* CParser_GLSL.cpp in Sources */,
				93205996145EA7D900DEBCCB /* CParser_PVR.mm in Sources */,
				932059B2145EDB3500DEBCCB /* CSequence.cpp in Sources */,
				93CFC05E145EF15300720766 /* CInput.cpp in Sources */,
				93CFC0931463E61800720766 /* IParser.cpp in Sources */,
				93CFC0961463EC0D00720766 /* IResource.cpp in Sources */,
				93CFC0991463FA2C00720766 /* IResourceMgr.cpp in Sources */,
				93CFC0B0146809E400720766 /* ShaderColor.frag in Sources */,
				93CFC0B1146809E400720766 /* ShaderColor.vert in Sources */,
				93243D52147536AC00ED7443 /* CParser_M3.mm in Sources */,
				93243D5A147553B500ED7443 /* CModel.cpp in Sources */,
				9385B045147E6EA20041FAE1 /* ShaderColorVertexDiffuse.frag in Sources */,
				9385B046147E6EA20041FAE1 /* ShaderColorVertexDiffuse.vert in Sources */,
				9385B047147E6EA20041FAE1 /* ShaderTexturePixelDiffuse.frag in Sources */,
				9385B048147E6EA20041FAE1 /* ShaderTexturePixelDiffuse.vert in Sources */,
				9385B049147E6EA20041FAE1 /* ShaderTexturePixelDiffuseSpecularColor.frag in Sources */,
				9385B04A147E6EA20041FAE1 /* ShaderTexturePixelDiffuseSpecularColor.vert in Sources */,
				9385B04B147E6EA20041FAE1 /* ShaderTexturePixelDiffuseSpecularTexture.frag in Sources */,
				9385B04C147E6EA20041FAE1 /* ShaderTexturePixelDiffuseSpecularTexture.vert in Sources */,
				9385B04D147E6EA20041FAE1 /* ShaderTextureVertexDiffuse.frag in Sources */,
				9385B04E147E6EA20041FAE1 /* ShaderTextureVertexDiffuse.vert in Sources */,
				93908F9C14CC3F7D000A2AF1 /* MainCustomViewController.mm in Sources */,
			);
			runOnlyForDeploymentPostprocessing = 0;
		};
/* End PBXSourcesBuildPhase section */

/* Begin XCBuildConfiguration section */
		1D6058940D05DD3E006BFB54 /* Debug */ = {
			isa = XCBuildConfiguration;
			buildSettings = {
				ALWAYS_SEARCH_USER_PATHS = YES;
				CODE_SIGN_IDENTITY = "iPhone Developer";
				COPY_PHASE_STRIP = NO;
				GCC_DYNAMIC_NO_PIC = NO;
				GCC_OPTIMIZATION_LEVEL = 0;
				GCC_PRECOMPILE_PREFIX_HEADER = YES;
				GCC_PREFIX_HEADER = gEngine_Prefix.pch;
				HEADER_SEARCH_PATHS = "\"${PROJECT_DIR}\"/**";
				INFOPLIST_FILE = Info.plist;
				IPHONEOS_DEPLOYMENT_TARGET = 5.0;
				PRODUCT_NAME = gEngine;
				PROVISIONING_PROFILE = "";
				TARGETED_DEVICE_FAMILY = 2;
			};
			name = Debug;
		};
		1D6058950D05DD3E006BFB54 /* Release */ = {
			isa = XCBuildConfiguration;
			buildSettings = {
				ALWAYS_SEARCH_USER_PATHS = YES;
				CODE_SIGN_IDENTITY = "iPhone Distribution";
				"CODE_SIGN_IDENTITY[sdk=iphoneos*]" = "iPhone Distribution";
				COPY_PHASE_STRIP = YES;
				GCC_PRECOMPILE_PREFIX_HEADER = YES;
				GCC_PREFIX_HEADER = gEngine_Prefix.pch;
				HEADER_SEARCH_PATHS = "\"${PROJECT_DIR}\"/**";
				INFOPLIST_FILE = Info.plist;
				IPHONEOS_DEPLOYMENT_TARGET = 5.0;
				PRODUCT_NAME = gEngine;
				PROVISIONING_PROFILE = "";
				"PROVISIONING_PROFILE[sdk=iphoneos*]" = "";
				TARGETED_DEVICE_FAMILY = 2;
			};
			name = Release;
		};
		C01FCF4F08A954540054247B /* Debug */ = {
			isa = XCBuildConfiguration;
			buildSettings = {
				ARCHS = (
					armv6,
					amrv7,
				);
				"CODE_SIGN_IDENTITY[sdk=iphoneos*]" = "iPhone Developer";
				GCC_C_LANGUAGE_STANDARD = c99;
				GCC_WARN_ABOUT_RETURN_TYPE = YES;
				GCC_WARN_UNUSED_VARIABLE = YES;
				HEADER_SEARCH_PATHS = "\"${PROJECT_DIR}\"/**";
				ONLY_ACTIVE_ARCH = YES;
				SDKROOT = iphoneos;
				USER_HEADER_SEARCH_PATHS = "";
			};
			name = Debug;
		};
		C01FCF5008A954540054247B /* Release */ = {
			isa = XCBuildConfiguration;
			buildSettings = {
				ARCHS = (
					armv6,
					amrv7,
				);
				"CODE_SIGN_IDENTITY[sdk=iphoneos*]" = "iPhone Developer";
				GCC_C_LANGUAGE_STANDARD = c99;
				GCC_WARN_ABOUT_RETURN_TYPE = YES;
				GCC_WARN_UNUSED_VARIABLE = YES;
				HEADER_SEARCH_PATHS = "\"${PROJECT_DIR}\"/**";
				SDKROOT = iphoneos;
				USER_HEADER_SEARCH_PATHS = "";
			};
			name = Release;
		};
/* End XCBuildConfiguration section */

/* Begin XCConfigurationList section */
		1D6058960D05DD3E006BFB54 /* Build configuration list for PBXNativeTarget "gEngine" */ = {
			isa = XCConfigurationList;
			buildConfigurations = (
				1D6058940D05DD3E006BFB54 /* Debug */,
				1D6058950D05DD3E006BFB54 /* Release */,
			);
			defaultConfigurationIsVisible = 0;
			defaultConfigurationName = Release;
		};
		C01FCF4E08A954540054247B /* Build configuration list for PBXProject "gEngine" */ = {
			isa = XCConfigurationList;
			buildConfigurations = (
				C01FCF4F08A954540054247B /* Debug */,
				C01FCF5008A954540054247B /* Release */,
			);
			defaultConfigurationIsVisible = 0;
			defaultConfigurationName = Release;
		};
/* End XCConfigurationList section */
	};
	rootObject = 29B97313FDCFA39411CA2CEA /* Project object */;
}
